// !$*UTF8*$!
{
	archiveVersion = 1;
	classes = {
	};
	objectVersion = 46;
	objects = {

/* Begin PBXBuildFile section */
		1863487F1D6475DB00FFFDFA /* Info.plist in Resources */ = {isa = PBXBuildFile; fileRef = 186348651D6475DB00FFFDFA /* Info.plist */; };
		186348801D6475DB00FFFDFA /* MASCompositeConstraint.m in Sources */ = {isa = PBXBuildFile; fileRef = 186348671D6475DB00FFFDFA /* MASCompositeConstraint.m */; };
		186348811D6475DB00FFFDFA /* MASConstraint.m in Sources */ = {isa = PBXBuildFile; fileRef = 1863486A1D6475DB00FFFDFA /* MASConstraint.m */; };
		186348821D6475DB00FFFDFA /* MASConstraintMaker.m in Sources */ = {isa = PBXBuildFile; fileRef = 1863486C1D6475DB00FFFDFA /* MASConstraintMaker.m */; };
		186348831D6475DB00FFFDFA /* MASLayoutConstraint.m in Sources */ = {isa = PBXBuildFile; fileRef = 1863486E1D6475DB00FFFDFA /* MASLayoutConstraint.m */; };
		186348841D6475DB00FFFDFA /* MASViewAttribute.m in Sources */ = {isa = PBXBuildFile; fileRef = 186348721D6475DB00FFFDFA /* MASViewAttribute.m */; };
		186348851D6475DB00FFFDFA /* MASViewConstraint.m in Sources */ = {isa = PBXBuildFile; fileRef = 186348741D6475DB00FFFDFA /* MASViewConstraint.m */; };
		186348861D6475DB00FFFDFA /* NSArray+MASAdditions.m in Sources */ = {isa = PBXBuildFile; fileRef = 186348761D6475DB00FFFDFA /* NSArray+MASAdditions.m */; };
		186348871D6475DB00FFFDFA /* NSLayoutConstraint+MASDebugAdditions.m in Sources */ = {isa = PBXBuildFile; fileRef = 186348791D6475DB00FFFDFA /* NSLayoutConstraint+MASDebugAdditions.m */; };
		186348881D6475DB00FFFDFA /* View+MASAdditions.m in Sources */ = {isa = PBXBuildFile; fileRef = 1863487B1D6475DB00FFFDFA /* View+MASAdditions.m */; };
		186348891D6475DB00FFFDFA /* ViewController+MASAdditions.m in Sources */ = {isa = PBXBuildFile; fileRef = 1863487E1D6475DB00FFFDFA /* ViewController+MASAdditions.m */; };
		18AC1CC81D011169005451A9 /* main.m in Sources */ = {isa = PBXBuildFile; fileRef = 18AC1CC71D011169005451A9 /* main.m */; };
		18AC1CCB1D011169005451A9 /* AppDelegate.m in Sources */ = {isa = PBXBuildFile; fileRef = 18AC1CCA1D011169005451A9 /* AppDelegate.m */; };
		18AC1CCE1D011169005451A9 /* ViewController.m in Sources */ = {isa = PBXBuildFile; fileRef = 18AC1CCD1D011169005451A9 /* ViewController.m */; };
		18AC1CD11D011169005451A9 /* Main.storyboard in Resources */ = {isa = PBXBuildFile; fileRef = 18AC1CCF1D011169005451A9 /* Main.storyboard */; };
		18AC1CD31D011169005451A9 /* Assets.xcassets in Resources */ = {isa = PBXBuildFile; fileRef = 18AC1CD21D011169005451A9 /* Assets.xcassets */; };
		18AC1CD61D011169005451A9 /* LaunchScreen.storyboard in Resources */ = {isa = PBXBuildFile; fileRef = 18AC1CD41D011169005451A9 /* LaunchScreen.storyboard */; };
/* End PBXBuildFile section */

/* Begin PBXFileReference section */
		186348651D6475DB00FFFDFA /* Info.plist */ = {isa = PBXFileReference; fileEncoding = 4; lastKnownFileType = text.plist.xml; path = Info.plist; sourceTree = "<group>"; };
		186348661D6475DB00FFFDFA /* MASCompositeConstraint.h */ = {isa = PBXFileReference; fileEncoding = 4; lastKnownFileType = sourcecode.c.h; path = MASCompositeConstraint.h; sourceTree = "<group>"; };
		186348671D6475DB00FFFDFA /* MASCompositeConstraint.m */ = {isa = PBXFileReference; fileEncoding = 4; lastKnownFileType = sourcecode.c.objc; path = MASCompositeConstraint.m; sourceTree = "<group>"; };
		186348681D6475DB00FFFDFA /* MASConstraint+Private.h */ = {isa = PBXFileReference; fileEncoding = 4; lastKnownFileType = sourcecode.c.h; path = "MASConstraint+Private.h"; sourceTree = "<group>"; };
		186348691D6475DB00FFFDFA /* MASConstraint.h */ = {isa = PBXFileReference; fileEncoding = 4; lastKnownFileType = sourcecode.c.h; path = MASConstraint.h; sourceTree = "<group>"; };
		1863486A1D6475DB00FFFDFA /* MASConstraint.m */ = {isa = PBXFileReference; fileEncoding = 4; lastKnownFileType = sourcecode.c.objc; path = MASConstraint.m; sourceTree = "<group>"; };
		1863486B1D6475DB00FFFDFA /* MASConstraintMaker.h */ = {isa = PBXFileReference; fileEncoding = 4; lastKnownFileType = sourcecode.c.h; path = MASConstraintMaker.h; sourceTree = "<group>"; };
		1863486C1D6475DB00FFFDFA /* MASConstraintMaker.m */ = {isa = PBXFileReference; fileEncoding = 4; lastKnownFileType = sourcecode.c.objc; path = MASConstraintMaker.m; sourceTree = "<group>"; };
		1863486D1D6475DB00FFFDFA /* MASLayoutConstraint.h */ = {isa = PBXFileReference; fileEncoding = 4; lastKnownFileType = sourcecode.c.h; path = MASLayoutConstraint.h; sourceTree = "<group>"; };
		1863486E1D6475DB00FFFDFA /* MASLayoutConstraint.m */ = {isa = PBXFileReference; fileEncoding = 4; lastKnownFileType = sourcecode.c.objc; path = MASLayoutConstraint.m; sourceTree = "<group>"; };
		1863486F1D6475DB00FFFDFA /* Masonry.h */ = {isa = PBXFileReference; fileEncoding = 4; lastKnownFileType = sourcecode.c.h; path = Masonry.h; sourceTree = "<group>"; };
		186348701D6475DB00FFFDFA /* MASUtilities.h */ = {isa = PBXFileReference; fileEncoding = 4; lastKnownFileType = sourcecode.c.h; path = MASUtilities.h; sourceTree = "<group>"; };
		186348711D6475DB00FFFDFA /* MASViewAttribute.h */ = {isa = PBXFileReference; fileEncoding = 4; lastKnownFileType = sourcecode.c.h; path = MASViewAttribute.h; sourceTree = "<group>"; };
		186348721D6475DB00FFFDFA /* MASViewAttribute.m */ = {isa = PBXFileReference; fileEncoding = 4; lastKnownFileType = sourcecode.c.objc; path = MASViewAttribute.m; sourceTree = "<group>"; };
		186348731D6475DB00FFFDFA /* MASViewConstraint.h */ = {isa = PBXFileReference; fileEncoding = 4; lastKnownFileType = sourcecode.c.h; path = MASViewConstraint.h; sourceTree = "<group>"; };
		186348741D6475DB00FFFDFA /* MASViewConstraint.m */ = {isa = PBXFileReference; fileEncoding = 4; lastKnownFileType = sourcecode.c.objc; path = MASViewConstraint.m; sourceTree = "<group>"; };
		186348751D6475DB00FFFDFA /* NSArray+MASAdditions.h */ = {isa = PBXFileReference; fileEncoding = 4; lastKnownFileType = sourcecode.c.h; path = "NSArray+MASAdditions.h"; sourceTree = "<group>"; };
		186348761D6475DB00FFFDFA /* NSArray+MASAdditions.m */ = {isa = PBXFileReference; fileEncoding = 4; lastKnownFileType = sourcecode.c.objc; path = "NSArray+MASAdditions.m"; sourceTree = "<group>"; };
		186348771D6475DB00FFFDFA /* NSArray+MASShorthandAdditions.h */ = {isa = PBXFileReference; fileEncoding = 4; lastKnownFileType = sourcecode.c.h; path = "NSArray+MASShorthandAdditions.h"; sourceTree = "<group>"; };
		186348781D6475DB00FFFDFA /* NSLayoutConstraint+MASDebugAdditions.h */ = {isa = PBXFileReference; fileEncoding = 4; lastKnownFileType = sourcecode.c.h; path = "NSLayoutConstraint+MASDebugAdditions.h"; sourceTree = "<group>"; };
		186348791D6475DB00FFFDFA /* NSLayoutConstraint+MASDebugAdditions.m */ = {isa = PBXFileReference; fileEncoding = 4; lastKnownFileType = sourcecode.c.objc; path = "NSLayoutConstraint+MASDebugAdditions.m"; sourceTree = "<group>"; };
		1863487A1D6475DB00FFFDFA /* View+MASAdditions.h */ = {isa = PBXFileReference; fileEncoding = 4; lastKnownFileType = sourcecode.c.h; path = "View+MASAdditions.h"; sourceTree = "<group>"; };
		1863487B1D6475DB00FFFDFA /* View+MASAdditions.m */ = {isa = PBXFileReference; fileEncoding = 4; lastKnownFileType = sourcecode.c.objc; path = "View+MASAdditions.m"; sourceTree = "<group>"; };
		1863487C1D6475DB00FFFDFA /* View+MASShorthandAdditions.h */ = {isa = PBXFileReference; fileEncoding = 4; lastKnownFileType = sourcecode.c.h; path = "View+MASShorthandAdditions.h"; sourceTree = "<group>"; };
		1863487D1D6475DB00FFFDFA /* ViewController+MASAdditions.h */ = {isa = PBXFileReference; fileEncoding = 4; lastKnownFileType = sourcecode.c.h; path = "ViewController+MASAdditions.h"; sourceTree = "<group>"; };
		1863487E1D6475DB00FFFDFA /* ViewController+MASAdditions.m */ = {isa = PBXFileReference; fileEncoding = 4; lastKnownFileType = sourcecode.c.objc; path = "ViewController+MASAdditions.m"; sourceTree = "<group>"; };
		18AC1CC31D011169005451A9 /* 小区域动画效果.app */ = {isa = PBXFileReference; explicitFileType = wrapper.application; includeInIndex = 0; path = "小区域动画效果.app"; sourceTree = BUILT_PRODUCTS_DIR; };
		18AC1CC71D011169005451A9 /* main.m */ = {isa = PBXFileReference; lastKnownFileType = sourcecode.c.objc; path = main.m; sourceTree = "<group>"; };
		18AC1CC91D011169005451A9 /* AppDelegate.h */ = {isa = PBXFileReference; lastKnownFileType = sourcecode.c.h; path = AppDelegate.h; sourceTree = "<group>"; };
		18AC1CCA1D011169005451A9 /* AppDelegate.m */ = {isa = PBXFileReference; lastKnownFileType = sourcecode.c.objc; path = AppDelegate.m; sourceTree = "<group>"; };
		18AC1CCC1D011169005451A9 /* ViewController.h */ = {isa = PBXFileReference; lastKnownFileType = sourcecode.c.h; path = ViewController.h; sourceTree = "<group>"; };
		18AC1CCD1D011169005451A9 /* ViewController.m */ = {isa = PBXFileReference; lastKnownFileType = sourcecode.c.objc; path = ViewController.m; sourceTree = "<group>"; };
		18AC1CD01D011169005451A9 /* Base */ = {isa = PBXFileReference; lastKnownFileType = file.storyboard; name = Base; path = Base.lproj/Main.storyboard; sourceTree = "<group>"; };
		18AC1CD21D011169005451A9 /* Assets.xcassets */ = {isa = PBXFileReference; lastKnownFileType = folder.assetcatalog; path = Assets.xcassets; sourceTree = "<group>"; };
		18AC1CD51D011169005451A9 /* Base */ = {isa = PBXFileReference; lastKnownFileType = file.storyboard; name = Base; path = Base.lproj/LaunchScreen.storyboard; sourceTree = "<group>"; };
		18AC1CD71D011169005451A9 /* Info.plist */ = {isa = PBXFileReference; lastKnownFileType = text.plist.xml; path = Info.plist; sourceTree = "<group>"; };
/* End PBXFileReference section */

/* Begin PBXFrameworksBuildPhase section */
		18AC1CC01D011169005451A9 /* Frameworks */ = {
			isa = PBXFrameworksBuildPhase;
			buildActionMask = 2147483647;
			files = (
			);
			runOnlyForDeploymentPostprocessing = 0;
		};
/* End PBXFrameworksBuildPhase section */

/* Begin PBXGroup section */
		186348641D6475DB00FFFDFA /* Masonry */ = {
			isa = PBXGroup;
			children = (
				186348651D6475DB00FFFDFA /* Info.plist */,
				186348661D6475DB00FFFDFA /* MASCompositeConstraint.h */,
				186348671D6475DB00FFFDFA /* MASCompositeConstraint.m */,
				186348681D6475DB00FFFDFA /* MASConstraint+Private.h */,
				186348691D6475DB00FFFDFA /* MASConstraint.h */,
				1863486A1D6475DB00FFFDFA /* MASConstraint.m */,
				1863486B1D6475DB00FFFDFA /* MASConstraintMaker.h */,
				1863486C1D6475DB00FFFDFA /* MASConstraintMaker.m */,
				1863486D1D6475DB00FFFDFA /* MASLayoutConstraint.h */,
				1863486E1D6475DB00FFFDFA /* MASLayoutConstraint.m */,
				1863486F1D6475DB00FFFDFA /* Masonry.h */,
				186348701D6475DB00FFFDFA /* MASUtilities.h */,
				186348711D6475DB00FFFDFA /* MASViewAttribute.h */,
				186348721D6475DB00FFFDFA /* MASViewAttribute.m */,
				186348731D6475DB00FFFDFA /* MASViewConstraint.h */,
				186348741D6475DB00FFFDFA /* MASViewConstraint.m */,
				186348751D6475DB00FFFDFA /* NSArray+MASAdditions.h */,
				186348761D6475DB00FFFDFA /* NSArray+MASAdditions.m */,
				186348771D6475DB00FFFDFA /* NSArray+MASShorthandAdditions.h */,
				186348781D6475DB00FFFDFA /* NSLayoutConstraint+MASDebugAdditions.h */,
				186348791D6475DB00FFFDFA /* NSLayoutConstraint+MASDebugAdditions.m */,
				1863487A1D6475DB00FFFDFA /* View+MASAdditions.h */,
				1863487B1D6475DB00FFFDFA /* View+MASAdditions.m */,
				1863487C1D6475DB00FFFDFA /* View+MASShorthandAdditions.h */,
				1863487D1D6475DB00FFFDFA /* ViewController+MASAdditions.h */,
				1863487E1D6475DB00FFFDFA /* ViewController+MASAdditions.m */,
			);
			path = Masonry;
			sourceTree = "<group>";
		};
		18AC1CBA1D011169005451A9 = {
			isa = PBXGroup;
			children = (
				18AC1CC51D011169005451A9 /* 小区域动画效果 */,
				18AC1CC41D011169005451A9 /* Products */,
			);
			sourceTree = "<group>";
		};
		18AC1CC41D011169005451A9 /* Products */ = {
			isa = PBXGroup;
			children = (
				18AC1CC31D011169005451A9 /* 小区域动画效果.app */,
			);
			name = Products;
			sourceTree = "<group>";
		};
		18AC1CC51D011169005451A9 /* 小区域动画效果 */ = {
			isa = PBXGroup;
			children = (
				186348641D6475DB00FFFDFA /* Masonry */,
				18AC1CC91D011169005451A9 /* AppDelegate.h */,
				18AC1CCA1D011169005451A9 /* AppDelegate.m */,
				18AC1CCC1D011169005451A9 /* ViewController.h */,
				18AC1CCD1D011169005451A9 /* ViewController.m */,
				18AC1CCF1D011169005451A9 /* Main.storyboard */,
				18AC1CD21D011169005451A9 /* Assets.xcassets */,
				18AC1CD41D011169005451A9 /* LaunchScreen.storyboard */,
				18AC1CD71D011169005451A9 /* Info.plist */,
				18AC1CC61D011169005451A9 /* Supporting Files */,
			);
			path = "小区域动画效果";
			sourceTree = "<group>";
		};
		18AC1CC61D011169005451A9 /* Supporting Files */ = {
			isa = PBXGroup;
			children = (
				18AC1CC71D011169005451A9 /* main.m */,
			);
			name = "Supporting Files";
			sourceTree = "<group>";
		};
/* End PBXGroup section */

/* Begin PBXNativeTarget section */
		18AC1CC21D011169005451A9 /* 小区域动画效果 */ = {
			isa = PBXNativeTarget;
			buildConfigurationList = 18AC1CDA1D011169005451A9 /* Build configuration list for PBXNativeTarget "小区域动画效果" */;
			buildPhases = (
				18AC1CBF1D011169005451A9 /* Sources */,
				18AC1CC01D011169005451A9 /* Frameworks */,
				18AC1CC11D011169005451A9 /* Resources */,
			);
			buildRules = (
			);
			dependencies = (
			);
			name = "小区域动画效果";
			productName = "小区域动画效果";
			productReference = 18AC1CC31D011169005451A9 /* 小区域动画效果.app */;
			productType = "com.apple.product-type.application";
		};
/* End PBXNativeTarget section */

/* Begin PBXProject section */
		18AC1CBB1D011169005451A9 /* Project object */ = {
			isa = PBXProject;
			attributes = {
				LastUpgradeCheck = 0730;
				ORGANIZATIONNAME = Tarena;
				TargetAttributes = {
					18AC1CC21D011169005451A9 = {
						CreatedOnToolsVersion = 7.3.1;
					};
				};
			};
			buildConfigurationList = 18AC1CBE1D011169005451A9 /* Build configuration list for PBXProject "小区域动画效果" */;
			compatibilityVersion = "Xcode 3.2";
			developmentRegion = English;
			hasScannedForEncodings = 0;
			knownRegions = (
				en,
				Base,
			);
			mainGroup = 18AC1CBA1D011169005451A9;
			productRefGroup = 18AC1CC41D011169005451A9 /* Products */;
			projectDirPath = "";
			projectRoot = "";
			targets = (
				18AC1CC21D011169005451A9 /* 小区域动画效果 */,
			);
		};
/* End PBXProject section */

/* Begin PBXResourcesBuildPhase section */
		18AC1CC11D011169005451A9 /* Resources */ = {
			isa = PBXResourcesBuildPhase;
			buildActionMask = 2147483647;
			files = (
				1863487F1D6475DB00FFFDFA /* Info.plist in Resources */,
				18AC1CD61D011169005451A9 /* LaunchScreen.storyboard in Resources */,
				18AC1CD31D011169005451A9 /* Assets.xcassets in Resources */,
				18AC1CD11D011169005451A9 /* Main.storyboard in Resources */,
			);
			runOnlyForDeploymentPostprocessing = 0;
		};
/* End PBXResourcesBuildPhase section */

/* Begin PBXSourcesBuildPhase section */
		18AC1CBF1D011169005451A9 /* Sources */ = {
			isa = PBXSourcesBuildPhase;
			buildActionMask = 2147483647;
			files = (
				186348871D6475DB00FFFDFA /* NSLayoutConstraint+MASDebugAdditions.m in Sources */,
				186348851D6475DB00FFFDFA /* MASViewConstraint.m in Sources */,
				186348801D6475DB00FFFDFA /* MASCompositeConstraint.m in Sources */,
				186348861D6475DB00FFFDFA /* NSArray+MASAdditions.m in Sources */,
				18AC1CCE1D011169005451A9 /* ViewController.m in Sources */,
				18AC1CCB1D011169005451A9 /* AppDelegate.m in Sources */,
				186348831D6475DB00FFFDFA /* MASLayoutConstraint.m in Sources */,
				18AC1CC81D011169005451A9 /* main.m in Sources */,
				186348891D6475DB00FFFDFA /* ViewController+MASAdditions.m in Sources */,
				186348881D6475DB00FFFDFA /* View+MASAdditions.m in Sources */,
				186348841D6475DB00FFFDFA /* MASViewAttribute.m in Sources */,
				186348811D6475DB00FFFDFA /* MASConstraint.m in Sources */,
				186348821D6475DB00FFFDFA /* MASConstraintMaker.m in Sources */,
			);
			runOnlyForDeploymentPostprocessing = 0;
		};
/* End PBXSourcesBuildPhase section */

/* Begin PBXVariantGroup section */
		18AC1CCF1D011169005451A9 /* Main.storyboard */ = {
			isa = PBXVariantGroup;
			children = (
				18AC1CD01D011169005451A9 /* Base */,
			);
			name = Main.storyboard;
			sourceTree = "<group>";
		};
		18AC1CD41D011169005451A9 /* LaunchScreen.storyboard */ = {
			isa = PBXVariantGroup;
			children = (
				18AC1CD51D011169005451A9 /* Base */,
			);
			name = LaunchScreen.storyboard;
			sourceTree = "<group>";
		};
/* End PBXVariantGroup section */

/* Begin XCBuildConfiguration section */
		18AC1CD81D011169005451A9 /* Debug */ = {
			isa = XCBuildConfiguration;
			buildSettings = {
				ALWAYS_SEARCH_USER_PATHS = NO;
				CLANG_ANALYZER_NONNULL = YES;
				CLANG_CXX_LANGUAGE_STANDARD = "gnu++0x";
				CLANG_CXX_LIBRARY = "libc++";
				CLANG_ENABLE_MODULES = YES;
				CLANG_ENABLE_OBJC_ARC = YES;
				CLANG_WARN_BOOL_CONVERSION = YES;
				CLANG_WARN_CONSTANT_CONVERSION = YES;
				CLANG_WARN_DIRECT_OBJC_ISA_USAGE = YES_ERROR;
				CLANG_WARN_EMPTY_BODY = YES;
				CLANG_WARN_ENUM_CONVERSION = YES;
				CLANG_WARN_INT_CONVERSION = YES;
				CLANG_WARN_OBJC_ROOT_CLASS = YES_ERROR;
				CLANG_WARN_UNREACHABLE_CODE = YES;
				CLANG_WARN__DUPLICATE_METHOD_MATCH = YES;
				"CODE_SIGN_IDENTITY[sdk=iphoneos*]" = "iPhone Developer";
				COPY_PHASE_STRIP = NO;
				DEBUG_INFORMATION_FORMAT = dwarf;
				ENABLE_STRICT_OBJC_MSGSEND = YES;
				ENABLE_TESTABILITY = YES;
				GCC_C_LANGUAGE_STANDARD = gnu99;
				GCC_DYNAMIC_NO_PIC = NO;
				GCC_NO_COMMON_BLOCKS = YES;
				GCC_OPTIMIZATION_LEVEL = 0;
				GCC_PREPROCESSOR_DEFINITIONS = (
					"DEBUG=1",
					"$(inherited)",
				);
				GCC_WARN_64_TO_32_BIT_CONVERSION = YES;
				GCC_WARN_ABOUT_RETURN_TYPE = YES_ERROR;
				GCC_WARN_UNDECLARED_SELECTOR = YES;
				GCC_WARN_UNINITIALIZED_AUTOS = YES_AGGRESSIVE;
				GCC_WARN_UNUSED_FUNCTION = YES;
				GCC_WARN_UNUSED_VARIABLE = YES;
				IPHONEOS_DEPLOYMENT_TARGET = 9.3;
				MTL_ENABLE_DEBUG_INFO = YES;
				ONLY_ACTIVE_ARCH = YES;
				SDKROOT = iphoneos;
			};
			name = Debug;
		};
		18AC1CD91D011169005451A9 /* Release */ = {
			isa = XCBuildConfiguration;
			buildSettings = {
				ALWAYS_SEARCH_USER_PATHS = NO;
				CLANG_ANALYZER_NONNULL = YES;
				CLANG_CXX_LANGUAGE_STANDARD = "gnu++0x";
				CLANG_CXX_LIBRARY = "libc++";
				CLANG_ENABLE_MODULES = YES;
				CLANG_ENABLE_OBJC_ARC = YES;
				CLANG_WARN_BOOL_CONVERSION = YES;
				CLANG_WARN_CONSTANT_CONVERSION = YES;
				CLANG_WARN_DIRECT_OBJC_ISA_USAGE = YES_ERROR;
				CLANG_WARN_EMPTY_BODY = YES;
				CLANG_WARN_ENUM_CONVERSION = YES;
				CLANG_WARN_INT_CONVERSION = YES;
				CLANG_WARN_OBJC_ROOT_CLASS = YES_ERROR;
				CLANG_WARN_UNREACHABLE_CODE = YES;
				CLANG_WARN__DUPLICATE_METHOD_MATCH = YES;
				"CODE_SIGN_IDENTITY[sdk=iphoneos*]" = "iPhone Developer";
				COPY_PHASE_STRIP = NO;
				DEBUG_INFORMATION_FORMAT = "dwarf-with-dsym";
				ENABLE_NS_ASSERTIONS = NO;
				ENABLE_STRICT_OBJC_MSGSEND = YES;
				GCC_C_LANGUAGE_STANDARD = gnu99;
				GCC_NO_COMMON_BLOCKS = YES;
				GCC_WARN_64_TO_32_BIT_CONVERSION = YES;
				GCC_WARN_ABOUT_RETURN_TYPE = YES_ERROR;
				GCC_WARN_UNDECLARED_SELECTOR = YES;
				GCC_WARN_UNINITIALIZED_AUTOS = YES_AGGRESSIVE;
				GCC_WARN_UNUSED_FUNCTION = YES;
				GCC_WARN_UNUSED_VARIABLE = YES;
				IPHONEOS_DEPLOYMENT_TARGET = 9.3;
				MTL_ENABLE_DEBUG_INFO = NO;
				SDKROOT = iphoneos;
				VALIDATE_PRODUCT = YES;
			};
			name = Release;
		};
		18AC1CDB1D011169005451A9 /* Debug */ = {
			isa = XCBuildConfiguration;
			buildSettings = {
				ASSETCATALOG_COMPILER_APPICON_NAME = AppIcon;
				INFOPLIST_FILE = "小区域动画效果/Info.plist";
				IPHONEOS_DEPLOYMENT_TARGET = 9.2;
				LD_RUNPATH_SEARCH_PATHS = "$(inherited) @executable_path/Frameworks";
				PRODUCT_BUNDLE_IDENTIFIER = "cn.com.tarena.-------";
				PRODUCT_NAME = "$(TARGET_NAME)";
			};
			name = Debug;
		};
		18AC1CDC1D011169005451A9 /* Release */ = {
			isa = XCBuildConfiguration;
			buildSettings = {
				ASSETCATALOG_COMPILER_APPICON_NAME = AppIcon;
				INFOPLIST_FILE = "小区域动画效果/Info.plist";
				IPHONEOS_DEPLOYMENT_TARGET = 9.2;
				LD_RUNPATH_SEARCH_PATHS = "$(inherited) @executable_path/Frameworks";
				PRODUCT_BUNDLE_IDENTIFIER = "cn.com.tarena.-------";
				PRODUCT_NAME = "$(TARGET_NAME)";
			};
			name = Release;
		};
/* End XCBuildConfiguration section */

/* Begin XCConfigurationList section */
		18AC1CBE1D011169005451A9 /* Build configuration list for PBXProject "小区域动画效果" */ = {
			isa = XCConfigurationList;
			buildConfigurations = (
				18AC1CD81D011169005451A9 /* Debug */,
				18AC1CD91D011169005451A9 /* Release */,
			);
			defaultConfigurationIsVisible = 0;
			defaultConfigurationName = Release;
		};
		18AC1CDA1D011169005451A9 /* Build configuration list for PBXNativeTarget "小区域动画效果" */ = {
			isa = XCConfigurationList;
			buildConfigurations = (
				18AC1CDB1D011169005451A9 /* Debug */,
				18AC1CDC1D011169005451A9 /* Release */,
			);
			defaultConfigurationIsVisible = 0;
			defaultConfigurationName = Release;
		};
/* End XCConfigurationList section */
	};
	rootObject = 18AC1CBB1D011169005451A9 /* Project object */;
}
