// !$*UTF8*$!
{
	archiveVersion = 1;
	classes = {
	};
	objectVersion = 46;
	objects = {

/* Begin PBXBuildFile section */
		18EB5D491CFECFB1009AC23D /* main.m in Sources */ = {isa = PBXBuildFile; fileRef = 18EB5D481CFECFB1009AC23D /* main.m */; };
		18EB5D4C1CFECFB1009AC23D /* AppDelegate.m in Sources */ = {isa = PBXBuildFile; fileRef = 18EB5D4B1CFECFB1009AC23D /* AppDelegate.m */; };
		18EB5D4F1CFECFB1009AC23D /* ViewController.m in Sources */ = {isa = PBXBuildFile; fileRef = 18EB5D4E1CFECFB1009AC23D /* ViewController.m */; };
		18EB5D521CFECFB1009AC23D /* Main.storyboard in Resources */ = {isa = PBXBuildFile; fileRef = 18EB5D501CFECFB1009AC23D /* Main.storyboard */; };
		18EB5D541CFECFB1009AC23D /* Assets.xcassets in Resources */ = {isa = PBXBuildFile; fileRef = 18EB5D531CFECFB1009AC23D /* Assets.xcassets */; };
		18EB5D571CFECFB1009AC23D /* LaunchScreen.storyboard in Resources */ = {isa = PBXBuildFile; fileRef = 18EB5D551CFECFB1009AC23D /* LaunchScreen.storyboard */; };
/* End PBXBuildFile section */

/* Begin PBXFileReference section */
		18EB5D441CFECFB1009AC23D /* 雪花动画.app */ = {isa = PBXFileReference; explicitFileType = wrapper.application; includeInIndex = 0; path = "雪花动画.app"; sourceTree = BUILT_PRODUCTS_DIR; };
		18EB5D481CFECFB1009AC23D /* main.m */ = {isa = PBXFileReference; lastKnownFileType = sourcecode.c.objc; path = main.m; sourceTree = "<group>"; };
		18EB5D4A1CFECFB1009AC23D /* AppDelegate.h */ = {isa = PBXFileReference; lastKnownFileType = sourcecode.c.h; path = AppDelegate.h; sourceTree = "<group>"; };
		18EB5D4B1CFECFB1009AC23D /* AppDelegate.m */ = {isa = PBXFileReference; lastKnownFileType = sourcecode.c.objc; path = AppDelegate.m; sourceTree = "<group>"; };
		18EB5D4D1CFECFB1009AC23D /* ViewController.h */ = {isa = PBXFileReference; lastKnownFileType = sourcecode.c.h; path = ViewController.h; sourceTree = "<group>"; };
		18EB5D4E1CFECFB1009AC23D /* ViewController.m */ = {isa = PBXFileReference; lastKnownFileType = sourcecode.c.objc; path = ViewController.m; sourceTree = "<group>"; };
		18EB5D511CFECFB1009AC23D /* Base */ = {isa = PBXFileReference; lastKnownFileType = file.storyboard; name = Base; path = Base.lproj/Main.storyboard; sourceTree = "<group>"; };
		18EB5D531CFECFB1009AC23D /* Assets.xcassets */ = {isa = PBXFileReference; lastKnownFileType = folder.assetcatalog; path = Assets.xcassets; sourceTree = "<group>"; };
		18EB5D561CFECFB1009AC23D /* Base */ = {isa = PBXFileReference; lastKnownFileType = file.storyboard; name = Base; path = Base.lproj/LaunchScreen.storyboard; sourceTree = "<group>"; };
		18EB5D581CFECFB1009AC23D /* Info.plist */ = {isa = PBXFileReference; lastKnownFileType = text.plist.xml; path = Info.plist; sourceTree = "<group>"; };
/* End PBXFileReference section */

/* Begin PBXFrameworksBuildPhase section */
		18EB5D411CFECFB1009AC23D /* Frameworks */ = {
			isa = PBXFrameworksBuildPhase;
			buildActionMask = 2147483647;
			files = (
			);
			runOnlyForDeploymentPostprocessing = 0;
		};
/* End PBXFrameworksBuildPhase section */

/* Begin PBXGroup section */
		18EB5D3B1CFECFB1009AC23D = {
			isa = PBXGroup;
			children = (
				18EB5D461CFECFB1009AC23D /* 雪花动画 */,
				18EB5D451CFECFB1009AC23D /* Products */,
			);
			sourceTree = "<group>";
		};
		18EB5D451CFECFB1009AC23D /* Products */ = {
			isa = PBXGroup;
			children = (
				18EB5D441CFECFB1009AC23D /* 雪花动画.app */,
			);
			name = Products;
			sourceTree = "<group>";
		};
		18EB5D461CFECFB1009AC23D /* 雪花动画 */ = {
			isa = PBXGroup;
			children = (
				18EB5D4A1CFECFB1009AC23D /* AppDelegate.h */,
				18EB5D4B1CFECFB1009AC23D /* AppDelegate.m */,
				18EB5D4D1CFECFB1009AC23D /* ViewController.h */,
				18EB5D4E1CFECFB1009AC23D /* ViewController.m */,
				18EB5D501CFECFB1009AC23D /* Main.storyboard */,
				18EB5D531CFECFB1009AC23D /* Assets.xcassets */,
				18EB5D551CFECFB1009AC23D /* LaunchScreen.storyboard */,
				18EB5D581CFECFB1009AC23D /* Info.plist */,
				18EB5D471CFECFB1009AC23D /* Supporting Files */,
			);
			path = "雪花动画";
			sourceTree = "<group>";
		};
		18EB5D471CFECFB1009AC23D /* Supporting Files */ = {
			isa = PBXGroup;
			children = (
				18EB5D481CFECFB1009AC23D /* main.m */,
			);
			name = "Supporting Files";
			sourceTree = "<group>";
		};
/* End PBXGroup section */

/* Begin PBXNativeTarget section */
		18EB5D431CFECFB1009AC23D /* 雪花动画 */ = {
			isa = PBXNativeTarget;
			buildConfigurationList = 18EB5D5B1CFECFB1009AC23D /* Build configuration list for PBXNativeTarget "雪花动画" */;
			buildPhases = (
				18EB5D401CFECFB1009AC23D /* Sources */,
				18EB5D411CFECFB1009AC23D /* Frameworks */,
				18EB5D421CFECFB1009AC23D /* Resources */,
			);
			buildRules = (
			);
			dependencies = (
			);
			name = "雪花动画";
			productName = "雪花动画";
			productReference = 18EB5D441CFECFB1009AC23D /* 雪花动画.app */;
			productType = "com.apple.product-type.application";
		};
/* End PBXNativeTarget section */

/* Begin PBXProject section */
		18EB5D3C1CFECFB1009AC23D /* Project object */ = {
			isa = PBXProject;
			attributes = {
				LastUpgradeCheck = 0730;
				ORGANIZATIONNAME = Tarena;
				TargetAttributes = {
					18EB5D431CFECFB1009AC23D = {
						CreatedOnToolsVersion = 7.3.1;
					};
				};
			};
			buildConfigurationList = 18EB5D3F1CFECFB1009AC23D /* Build configuration list for PBXProject "雪花动画" */;
			compatibilityVersion = "Xcode 3.2";
			developmentRegion = English;
			hasScannedForEncodings = 0;
			knownRegions = (
				en,
				Base,
			);
			mainGroup = 18EB5D3B1CFECFB1009AC23D;
			productRefGroup = 18EB5D451CFECFB1009AC23D /* Products */;
			projectDirPath = "";
			projectRoot = "";
			targets = (
				18EB5D431CFECFB1009AC23D /* 雪花动画 */,
			);
		};
/* End PBXProject section */

/* Begin PBXResourcesBuildPhase section */
		18EB5D421CFECFB1009AC23D /* Resources */ = {
			isa = PBXResourcesBuildPhase;
			buildActionMask = 2147483647;
			files = (
				18EB5D571CFECFB1009AC23D /* LaunchScreen.storyboard in Resources */,
				18EB5D541CFECFB1009AC23D /* Assets.xcassets in Resources */,
				18EB5D521CFECFB1009AC23D /* Main.storyboard in Resources */,
			);
			runOnlyForDeploymentPostprocessing = 0;
		};
/* End PBXResourcesBuildPhase section */

/* Begin PBXSourcesBuildPhase section */
		18EB5D401CFECFB1009AC23D /* Sources */ = {
			isa = PBXSourcesBuildPhase;
			buildActionMask = 2147483647;
			files = (
				18EB5D4F1CFECFB1009AC23D /* ViewController.m in Sources */,
				18EB5D4C1CFECFB1009AC23D /* AppDelegate.m in Sources */,
				18EB5D491CFECFB1009AC23D /* main.m in Sources */,
			);
			runOnlyForDeploymentPostprocessing = 0;
		};
/* End PBXSourcesBuildPhase section */

/* Begin PBXVariantGroup section */
		18EB5D501CFECFB1009AC23D /* Main.storyboard */ = {
			isa = PBXVariantGroup;
			children = (
				18EB5D511CFECFB1009AC23D /* Base */,
			);
			name = Main.storyboard;
			sourceTree = "<group>";
		};
		18EB5D551CFECFB1009AC23D /* LaunchScreen.storyboard */ = {
			isa = PBXVariantGroup;
			children = (
				18EB5D561CFECFB1009AC23D /* Base */,
			);
			name = LaunchScreen.storyboard;
			sourceTree = "<group>";
		};
/* End PBXVariantGroup section */

/* Begin XCBuildConfiguration section */
		18EB5D591CFECFB1009AC23D /* Debug */ = {
			isa = XCBuildConfiguration;
			buildSettings = {
				ALWAYS_SEARCH_USER_PATHS = NO;
				CLANG_ANALYZER_NONNULL = YES;
				CLANG_CXX_LANGUAGE_STANDARD = "gnu++0x";
				CLANG_CXX_LIBRARY = "libc++";
				CLANG_ENABLE_MODULES = YES;
				CLANG_ENABLE_OBJC_ARC = YES;
				CLANG_WARN_BOOL_CONVERSION = YES;
				CLANG_WARN_CONSTANT_CONVERSION = YES;
				CLANG_WARN_DIRECT_OBJC_ISA_USAGE = YES_ERROR;
				CLANG_WARN_EMPTY_BODY = YES;
				CLANG_WARN_ENUM_CONVERSION = YES;
				CLANG_WARN_INT_CONVERSION = YES;
				CLANG_WARN_OBJC_ROOT_CLASS = YES_ERROR;
				CLANG_WARN_UNREACHABLE_CODE = YES;
				CLANG_WARN__DUPLICATE_METHOD_MATCH = YES;
				"CODE_SIGN_IDENTITY[sdk=iphoneos*]" = "iPhone Developer";
				COPY_PHASE_STRIP = NO;
				DEBUG_INFORMATION_FORMAT = dwarf;
				ENABLE_STRICT_OBJC_MSGSEND = YES;
				ENABLE_TESTABILITY = YES;
				GCC_C_LANGUAGE_STANDARD = gnu99;
				GCC_DYNAMIC_NO_PIC = NO;
				GCC_NO_COMMON_BLOCKS = YES;
				GCC_OPTIMIZATION_LEVEL = 0;
				GCC_PREPROCESSOR_DEFINITIONS = (
					"DEBUG=1",
					"$(inherited)",
				);
				GCC_WARN_64_TO_32_BIT_CONVERSION = YES;
				GCC_WARN_ABOUT_RETURN_TYPE = YES_ERROR;
				GCC_WARN_UNDECLARED_SELECTOR = YES;
				GCC_WARN_UNINITIALIZED_AUTOS = YES_AGGRESSIVE;
				GCC_WARN_UNUSED_FUNCTION = YES;
				GCC_WARN_UNUSED_VARIABLE = YES;
				IPHONEOS_DEPLOYMENT_TARGET = 9.3;
				MTL_ENABLE_DEBUG_INFO = YES;
				ONLY_ACTIVE_ARCH = YES;
				SDKROOT = iphoneos;
			};
			name = Debug;
		};
		18EB5D5A1CFECFB1009AC23D /* Release */ = {
			isa = XCBuildConfiguration;
			buildSettings = {
				ALWAYS_SEARCH_USER_PATHS = NO;
				CLANG_ANALYZER_NONNULL = YES;
				CLANG_CXX_LANGUAGE_STANDARD = "gnu++0x";
				CLANG_CXX_LIBRARY = "libc++";
				CLANG_ENABLE_MODULES = YES;
				CLANG_ENABLE_OBJC_ARC = YES;
				CLANG_WARN_BOOL_CONVERSION = YES;
				CLANG_WARN_CONSTANT_CONVERSION = YES;
				CLANG_WARN_DIRECT_OBJC_ISA_USAGE = YES_ERROR;
				CLANG_WARN_EMPTY_BODY = YES;
				CLANG_WARN_ENUM_CONVERSION = YES;
				CLANG_WARN_INT_CONVERSION = YES;
				CLANG_WARN_OBJC_ROOT_CLASS = YES_ERROR;
				CLANG_WARN_UNREACHABLE_CODE = YES;
				CLANG_WARN__DUPLICATE_METHOD_MATCH = YES;
				"CODE_SIGN_IDENTITY[sdk=iphoneos*]" = "iPhone Developer";
				COPY_PHASE_STRIP = NO;
				DEBUG_INFORMATION_FORMAT = "dwarf-with-dsym";
				ENABLE_NS_ASSERTIONS = NO;
				ENABLE_STRICT_OBJC_MSGSEND = YES;
				GCC_C_LANGUAGE_STANDARD = gnu99;
				GCC_NO_COMMON_BLOCKS = YES;
				GCC_WARN_64_TO_32_BIT_CONVERSION = YES;
				GCC_WARN_ABOUT_RETURN_TYPE = YES_ERROR;
				GCC_WARN_UNDECLARED_SELECTOR = YES;
				GCC_WARN_UNINITIALIZED_AUTOS = YES_AGGRESSIVE;
				GCC_WARN_UNUSED_FUNCTION = YES;
				GCC_WARN_UNUSED_VARIABLE = YES;
				IPHONEOS_DEPLOYMENT_TARGET = 9.3;
				MTL_ENABLE_DEBUG_INFO = NO;
				SDKROOT = iphoneos;
				VALIDATE_PRODUCT = YES;
			};
			name = Release;
		};
		18EB5D5C1CFECFB1009AC23D /* Debug */ = {
			isa = XCBuildConfiguration;
			buildSettings = {
				ASSETCATALOG_COMPILER_APPICON_NAME = AppIcon;
				INFOPLIST_FILE = "雪花动画/Info.plist";
				LD_RUNPATH_SEARCH_PATHS = "$(inherited) @executable_path/Frameworks";
				PRODUCT_BUNDLE_IDENTIFIER = "cn.com.tarena.----";
				PRODUCT_NAME = "$(TARGET_NAME)";
			};
			name = Debug;
		};
		18EB5D5D1CFECFB1009AC23D /* Release */ = {
			isa = XCBuildConfiguration;
			buildSettings = {
				ASSETCATALOG_COMPILER_APPICON_NAME = AppIcon;
				INFOPLIST_FILE = "雪花动画/Info.plist";
				LD_RUNPATH_SEARCH_PATHS = "$(inherited) @executable_path/Frameworks";
				PRODUCT_BUNDLE_IDENTIFIER = "cn.com.tarena.----";
				PRODUCT_NAME = "$(TARGET_NAME)";
			};
			name = Release;
		};
/* End XCBuildConfiguration section */

/* Begin XCConfigurationList section */
		18EB5D3F1CFECFB1009AC23D /* Build configuration list for PBXProject "雪花动画" */ = {
			isa = XCConfigurationList;
			buildConfigurations = (
				18EB5D591CFECFB1009AC23D /* Debug */,
				18EB5D5A1CFECFB1009AC23D /* Release */,
			);
			defaultConfigurationIsVisible = 0;
			defaultConfigurationName = Release;
		};
		18EB5D5B1CFECFB1009AC23D /* Build configuration list for PBXNativeTarget "雪花动画" */ = {
			isa = XCConfigurationList;
			buildConfigurations = (
				18EB5D5C1CFECFB1009AC23D /* Debug */,
				18EB5D5D1CFECFB1009AC23D /* Release */,
			);
			defaultConfigurationIsVisible = 0;
		};
/* End XCConfigurationList section */
	};
	rootObject = 18EB5D3C1CFECFB1009AC23D /* Project object */;
}
