// !$*UTF8*$!
{
	archiveVersion = 1;
	classes = {
	};
	objectVersion = 46;
	objects = {

/* Begin PBXBuildFile section */
		18C04E261CE174A800202E84 /* main.m in Sources */ = {isa = PBXBuildFile; fileRef = 18C04E251CE174A800202E84 /* main.m */; };
		18C04E291CE174A800202E84 /* AppDelegate.m in Sources */ = {isa = PBXBuildFile; fileRef = 18C04E281CE174A800202E84 /* AppDelegate.m */; };
		18C04E311CE174A800202E84 /* Assets.xcassets in Resources */ = {isa = PBXBuildFile; fileRef = 18C04E301CE174A800202E84 /* Assets.xcassets */; };
		18C04E341CE174A800202E84 /* LaunchScreen.storyboard in Resources */ = {isa = PBXBuildFile; fileRef = 18C04E321CE174A800202E84 /* LaunchScreen.storyboard */; };
		18EF20361CE174FC00E32989 /* MyViewController.m in Sources */ = {isa = PBXBuildFile; fileRef = 18EF20341CE174FC00E32989 /* MyViewController.m */; };
		18EF20371CE174FC00E32989 /* MyViewController.xib in Resources */ = {isa = PBXBuildFile; fileRef = 18EF20351CE174FC00E32989 /* MyViewController.xib */; };
/* End PBXBuildFile section */

/* Begin PBXFileReference section */
		18C04E211CE174A800202E84 /* 做业2.app */ = {isa = PBXFileReference; explicitFileType = wrapper.application; includeInIndex = 0; path = "做业2.app"; sourceTree = BUILT_PRODUCTS_DIR; };
		18C04E251CE174A800202E84 /* main.m */ = {isa = PBXFileReference; lastKnownFileType = sourcecode.c.objc; path = main.m; sourceTree = "<group>"; };
		18C04E271CE174A800202E84 /* AppDelegate.h */ = {isa = PBXFileReference; lastKnownFileType = sourcecode.c.h; path = AppDelegate.h; sourceTree = "<group>"; };
		18C04E281CE174A800202E84 /* AppDelegate.m */ = {isa = PBXFileReference; lastKnownFileType = sourcecode.c.objc; path = AppDelegate.m; sourceTree = "<group>"; };
		18C04E301CE174A800202E84 /* Assets.xcassets */ = {isa = PBXFileReference; lastKnownFileType = folder.assetcatalog; path = Assets.xcassets; sourceTree = "<group>"; };
		18C04E331CE174A800202E84 /* Base */ = {isa = PBXFileReference; lastKnownFileType = file.storyboard; name = Base; path = Base.lproj/LaunchScreen.storyboard; sourceTree = "<group>"; };
		18C04E351CE174A800202E84 /* Info.plist */ = {isa = PBXFileReference; lastKnownFileType = text.plist.xml; path = Info.plist; sourceTree = "<group>"; };
		18EF20331CE174FC00E32989 /* MyViewController.h */ = {isa = PBXFileReference; fileEncoding = 4; lastKnownFileType = sourcecode.c.h; path = MyViewController.h; sourceTree = "<group>"; };
		18EF20341CE174FC00E32989 /* MyViewController.m */ = {isa = PBXFileReference; fileEncoding = 4; lastKnownFileType = sourcecode.c.objc; path = MyViewController.m; sourceTree = "<group>"; };
		18EF20351CE174FC00E32989 /* MyViewController.xib */ = {isa = PBXFileReference; fileEncoding = 4; lastKnownFileType = file.xib; path = MyViewController.xib; sourceTree = "<group>"; };
/* End PBXFileReference section */

/* Begin PBXFrameworksBuildPhase section */
		18C04E1E1CE174A800202E84 /* Frameworks */ = {
			isa = PBXFrameworksBuildPhase;
			buildActionMask = 2147483647;
			files = (
			);
			runOnlyForDeploymentPostprocessing = 0;
		};
/* End PBXFrameworksBuildPhase section */

/* Begin PBXGroup section */
		18C04E181CE174A800202E84 = {
			isa = PBXGroup;
			children = (
				18C04E231CE174A800202E84 /* 做业2 */,
				18C04E221CE174A800202E84 /* Products */,
			);
			sourceTree = "<group>";
		};
		18C04E221CE174A800202E84 /* Products */ = {
			isa = PBXGroup;
			children = (
				18C04E211CE174A800202E84 /* 做业2.app */,
			);
			name = Products;
			sourceTree = "<group>";
		};
		18C04E231CE174A800202E84 /* 做业2 */ = {
			isa = PBXGroup;
			children = (
				18C04E271CE174A800202E84 /* AppDelegate.h */,
				18C04E281CE174A800202E84 /* AppDelegate.m */,
				18EF20331CE174FC00E32989 /* MyViewController.h */,
				18EF20341CE174FC00E32989 /* MyViewController.m */,
				18EF20351CE174FC00E32989 /* MyViewController.xib */,
				18C04E301CE174A800202E84 /* Assets.xcassets */,
				18C04E321CE174A800202E84 /* LaunchScreen.storyboard */,
				18C04E351CE174A800202E84 /* Info.plist */,
				18C04E241CE174A800202E84 /* Supporting Files */,
			);
			path = "做业2";
			sourceTree = "<group>";
		};
		18C04E241CE174A800202E84 /* Supporting Files */ = {
			isa = PBXGroup;
			children = (
				18C04E251CE174A800202E84 /* main.m */,
			);
			name = "Supporting Files";
			sourceTree = "<group>";
		};
/* End PBXGroup section */

/* Begin PBXNativeTarget section */
		18C04E201CE174A800202E84 /* 做业2 */ = {
			isa = PBXNativeTarget;
			buildConfigurationList = 18C04E381CE174A800202E84 /* Build configuration list for PBXNativeTarget "做业2" */;
			buildPhases = (
				18C04E1D1CE174A800202E84 /* Sources */,
				18C04E1E1CE174A800202E84 /* Frameworks */,
				18C04E1F1CE174A800202E84 /* Resources */,
			);
			buildRules = (
			);
			dependencies = (
			);
			name = "做业2";
			productName = "做业2";
			productReference = 18C04E211CE174A800202E84 /* 做业2.app */;
			productType = "com.apple.product-type.application";
		};
/* End PBXNativeTarget section */

/* Begin PBXProject section */
		18C04E191CE174A800202E84 /* Project object */ = {
			isa = PBXProject;
			attributes = {
				LastUpgradeCheck = 0730;
				ORGANIZATIONNAME = Tarena;
				TargetAttributes = {
					18C04E201CE174A800202E84 = {
						CreatedOnToolsVersion = 7.3;
					};
				};
			};
			buildConfigurationList = 18C04E1C1CE174A800202E84 /* Build configuration list for PBXProject "做业2" */;
			compatibilityVersion = "Xcode 3.2";
			developmentRegion = English;
			hasScannedForEncodings = 0;
			knownRegions = (
				en,
				Base,
			);
			mainGroup = 18C04E181CE174A800202E84;
			productRefGroup = 18C04E221CE174A800202E84 /* Products */;
			projectDirPath = "";
			projectRoot = "";
			targets = (
				18C04E201CE174A800202E84 /* 做业2 */,
			);
		};
/* End PBXProject section */

/* Begin PBXResourcesBuildPhase section */
		18C04E1F1CE174A800202E84 /* Resources */ = {
			isa = PBXResourcesBuildPhase;
			buildActionMask = 2147483647;
			files = (
				18C04E341CE174A800202E84 /* LaunchScreen.storyboard in Resources */,
				18C04E311CE174A800202E84 /* Assets.xcassets in Resources */,
				18EF20371CE174FC00E32989 /* MyViewController.xib in Resources */,
			);
			runOnlyForDeploymentPostprocessing = 0;
		};
/* End PBXResourcesBuildPhase section */

/* Begin PBXSourcesBuildPhase section */
		18C04E1D1CE174A800202E84 /* Sources */ = {
			isa = PBXSourcesBuildPhase;
			buildActionMask = 2147483647;
			files = (
				18EF20361CE174FC00E32989 /* MyViewController.m in Sources */,
				18C04E291CE174A800202E84 /* AppDelegate.m in Sources */,
				18C04E261CE174A800202E84 /* main.m in Sources */,
			);
			runOnlyForDeploymentPostprocessing = 0;
		};
/* End PBXSourcesBuildPhase section */

/* Begin PBXVariantGroup section */
		18C04E321CE174A800202E84 /* LaunchScreen.storyboard */ = {
			isa = PBXVariantGroup;
			children = (
				18C04E331CE174A800202E84 /* Base */,
			);
			name = LaunchScreen.storyboard;
			sourceTree = "<group>";
		};
/* End PBXVariantGroup section */

/* Begin XCBuildConfiguration section */
		18C04E361CE174A800202E84 /* Debug */ = {
			isa = XCBuildConfiguration;
			buildSettings = {
				ALWAYS_SEARCH_USER_PATHS = NO;
				CLANG_ANALYZER_NONNULL = YES;
				CLANG_CXX_LANGUAGE_STANDARD = "gnu++0x";
				CLANG_CXX_LIBRARY = "libc++";
				CLANG_ENABLE_MODULES = YES;
				CLANG_ENABLE_OBJC_ARC = YES;
				CLANG_WARN_BOOL_CONVERSION = YES;
				CLANG_WARN_CONSTANT_CONVERSION = YES;
				CLANG_WARN_DIRECT_OBJC_ISA_USAGE = YES_ERROR;
				CLANG_WARN_EMPTY_BODY = YES;
				CLANG_WARN_ENUM_CONVERSION = YES;
				CLANG_WARN_INT_CONVERSION = YES;
				CLANG_WARN_OBJC_ROOT_CLASS = YES_ERROR;
				CLANG_WARN_UNREACHABLE_CODE = YES;
				CLANG_WARN__DUPLICATE_METHOD_MATCH = YES;
				"CODE_SIGN_IDENTITY[sdk=iphoneos*]" = "iPhone Developer";
				COPY_PHASE_STRIP = NO;
				DEBUG_INFORMATION_FORMAT = dwarf;
				ENABLE_STRICT_OBJC_MSGSEND = YES;
				ENABLE_TESTABILITY = YES;
				GCC_C_LANGUAGE_STANDARD = gnu99;
				GCC_DYNAMIC_NO_PIC = NO;
				GCC_NO_COMMON_BLOCKS = YES;
				GCC_OPTIMIZATION_LEVEL = 0;
				GCC_PREPROCESSOR_DEFINITIONS = (
					"DEBUG=1",
					"$(inherited)",
				);
				GCC_WARN_64_TO_32_BIT_CONVERSION = YES;
				GCC_WARN_ABOUT_RETURN_TYPE = YES_ERROR;
				GCC_WARN_UNDECLARED_SELECTOR = YES;
				GCC_WARN_UNINITIALIZED_AUTOS = YES_AGGRESSIVE;
				GCC_WARN_UNUSED_FUNCTION = YES;
				GCC_WARN_UNUSED_VARIABLE = YES;
				IPHONEOS_DEPLOYMENT_TARGET = 9.3;
				MTL_ENABLE_DEBUG_INFO = YES;
				ONLY_ACTIVE_ARCH = YES;
				SDKROOT = iphoneos;
			};
			name = Debug;
		};
		18C04E371CE174A800202E84 /* Release */ = {
			isa = XCBuildConfiguration;
			buildSettings = {
				ALWAYS_SEARCH_USER_PATHS = NO;
				CLANG_ANALYZER_NONNULL = YES;
				CLANG_CXX_LANGUAGE_STANDARD = "gnu++0x";
				CLANG_CXX_LIBRARY = "libc++";
				CLANG_ENABLE_MODULES = YES;
				CLANG_ENABLE_OBJC_ARC = YES;
				CLANG_WARN_BOOL_CONVERSION = YES;
				CLANG_WARN_CONSTANT_CONVERSION = YES;
				CLANG_WARN_DIRECT_OBJC_ISA_USAGE = YES_ERROR;
				CLANG_WARN_EMPTY_BODY = YES;
				CLANG_WARN_ENUM_CONVERSION = YES;
				CLANG_WARN_INT_CONVERSION = YES;
				CLANG_WARN_OBJC_ROOT_CLASS = YES_ERROR;
				CLANG_WARN_UNREACHABLE_CODE = YES;
				CLANG_WARN__DUPLICATE_METHOD_MATCH = YES;
				"CODE_SIGN_IDENTITY[sdk=iphoneos*]" = "iPhone Developer";
				COPY_PHASE_STRIP = NO;
				DEBUG_INFORMATION_FORMAT = "dwarf-with-dsym";
				ENABLE_NS_ASSERTIONS = NO;
				ENABLE_STRICT_OBJC_MSGSEND = YES;
				GCC_C_LANGUAGE_STANDARD = gnu99;
				GCC_NO_COMMON_BLOCKS = YES;
				GCC_WARN_64_TO_32_BIT_CONVERSION = YES;
				GCC_WARN_ABOUT_RETURN_TYPE = YES_ERROR;
				GCC_WARN_UNDECLARED_SELECTOR = YES;
				GCC_WARN_UNINITIALIZED_AUTOS = YES_AGGRESSIVE;
				GCC_WARN_UNUSED_FUNCTION = YES;
				GCC_WARN_UNUSED_VARIABLE = YES;
				IPHONEOS_DEPLOYMENT_TARGET = 9.3;
				MTL_ENABLE_DEBUG_INFO = NO;
				SDKROOT = iphoneos;
				VALIDATE_PRODUCT = YES;
			};
			name = Release;
		};
		18C04E391CE174A800202E84 /* Debug */ = {
			isa = XCBuildConfiguration;
			buildSettings = {
				ASSETCATALOG_COMPILER_APPICON_NAME = AppIcon;
				INFOPLIST_FILE = "做业2/Info.plist";
				LD_RUNPATH_SEARCH_PATHS = "$(inherited) @executable_path/Frameworks";
				PRODUCT_BUNDLE_IDENTIFIER = "cn.com.tarena.--2";
				PRODUCT_NAME = "$(TARGET_NAME)";
			};
			name = Debug;
		};
		18C04E3A1CE174A800202E84 /* Release */ = {
			isa = XCBuildConfiguration;
			buildSettings = {
				ASSETCATALOG_COMPILER_APPICON_NAME = AppIcon;
				INFOPLIST_FILE = "做业2/Info.plist";
				LD_RUNPATH_SEARCH_PATHS = "$(inherited) @executable_path/Frameworks";
				PRODUCT_BUNDLE_IDENTIFIER = "cn.com.tarena.--2";
				PRODUCT_NAME = "$(TARGET_NAME)";
			};
			name = Release;
		};
/* End XCBuildConfiguration section */

/* Begin XCConfigurationList section */
		18C04E1C1CE174A800202E84 /* Build configuration list for PBXProject "做业2" */ = {
			isa = XCConfigurationList;
			buildConfigurations = (
				18C04E361CE174A800202E84 /* Debug */,
				18C04E371CE174A800202E84 /* Release */,
			);
			defaultConfigurationIsVisible = 0;
			defaultConfigurationName = Release;
		};
		18C04E381CE174A800202E84 /* Build configuration list for PBXNativeTarget "做业2" */ = {
			isa = XCConfigurationList;
			buildConfigurations = (
				18C04E391CE174A800202E84 /* Debug */,
				18C04E3A1CE174A800202E84 /* Release */,
			);
			defaultConfigurationIsVisible = 0;
			defaultConfigurationName = Release;
		};
/* End XCConfigurationList section */
	};
	rootObject = 18C04E191CE174A800202E84 /* Project object */;
}
