// !$*UTF8*$!
{
	archiveVersion = 1;
	classes = {
	};
	objectVersion = 46;
	objects = {

/* Begin PBXBuildFile section */
		188255391CBBB41300E9852C /* main.m in Sources */ = {isa = PBXBuildFile; fileRef = 188255381CBBB41300E9852C /* main.m */; };
		1882553C1CBBB41300E9852C /* AppDelegate.m in Sources */ = {isa = PBXBuildFile; fileRef = 1882553B1CBBB41300E9852C /* AppDelegate.m */; };
		188255441CBBB41300E9852C /* Assets.xcassets in Resources */ = {isa = PBXBuildFile; fileRef = 188255431CBBB41300E9852C /* Assets.xcassets */; };
		188255471CBBB41300E9852C /* LaunchScreen.storyboard in Resources */ = {isa = PBXBuildFile; fileRef = 188255451CBBB41300E9852C /* LaunchScreen.storyboard */; };
		188255501CBBC58800E9852C /* myViewController.m in Sources */ = {isa = PBXBuildFile; fileRef = 1882554F1CBBC58800E9852C /* myViewController.m */; };
/* End PBXBuildFile section */

/* Begin PBXFileReference section */
		188255341CBBB41300E9852C /* demo03-UIButton.app */ = {isa = PBXFileReference; explicitFileType = wrapper.application; includeInIndex = 0; path = "demo03-UIButton.app"; sourceTree = BUILT_PRODUCTS_DIR; };
		188255381CBBB41300E9852C /* main.m */ = {isa = PBXFileReference; lastKnownFileType = sourcecode.c.objc; path = main.m; sourceTree = "<group>"; };
		1882553A1CBBB41300E9852C /* AppDelegate.h */ = {isa = PBXFileReference; lastKnownFileType = sourcecode.c.h; path = AppDelegate.h; sourceTree = "<group>"; };
		1882553B1CBBB41300E9852C /* AppDelegate.m */ = {isa = PBXFileReference; lastKnownFileType = sourcecode.c.objc; path = AppDelegate.m; sourceTree = "<group>"; };
		188255431CBBB41300E9852C /* Assets.xcassets */ = {isa = PBXFileReference; lastKnownFileType = folder.assetcatalog; path = Assets.xcassets; sourceTree = "<group>"; };
		188255461CBBB41300E9852C /* Base */ = {isa = PBXFileReference; lastKnownFileType = file.storyboard; name = Base; path = Base.lproj/LaunchScreen.storyboard; sourceTree = "<group>"; };
		188255481CBBB41300E9852C /* Info.plist */ = {isa = PBXFileReference; lastKnownFileType = text.plist.xml; path = Info.plist; sourceTree = "<group>"; };
		1882554E1CBBC58800E9852C /* myViewController.h */ = {isa = PBXFileReference; fileEncoding = 4; lastKnownFileType = sourcecode.c.h; path = myViewController.h; sourceTree = "<group>"; };
		1882554F1CBBC58800E9852C /* myViewController.m */ = {isa = PBXFileReference; fileEncoding = 4; lastKnownFileType = sourcecode.c.objc; path = myViewController.m; sourceTree = "<group>"; };
/* End PBXFileReference section */

/* Begin PBXFrameworksBuildPhase section */
		188255311CBBB41300E9852C /* Frameworks */ = {
			isa = PBXFrameworksBuildPhase;
			buildActionMask = 2147483647;
			files = (
			);
			runOnlyForDeploymentPostprocessing = 0;
		};
/* End PBXFrameworksBuildPhase section */

/* Begin PBXGroup section */
		1882552B1CBBB41300E9852C = {
			isa = PBXGroup;
			children = (
				188255361CBBB41300E9852C /* demo03-UIButton */,
				188255351CBBB41300E9852C /* Products */,
			);
			sourceTree = "<group>";
		};
		188255351CBBB41300E9852C /* Products */ = {
			isa = PBXGroup;
			children = (
				188255341CBBB41300E9852C /* demo03-UIButton.app */,
			);
			name = Products;
			sourceTree = "<group>";
		};
		188255361CBBB41300E9852C /* demo03-UIButton */ = {
			isa = PBXGroup;
			children = (
				1882553A1CBBB41300E9852C /* AppDelegate.h */,
				1882553B1CBBB41300E9852C /* AppDelegate.m */,
				1882554E1CBBC58800E9852C /* myViewController.h */,
				1882554F1CBBC58800E9852C /* myViewController.m */,
				188255431CBBB41300E9852C /* Assets.xcassets */,
				188255451CBBB41300E9852C /* LaunchScreen.storyboard */,
				188255481CBBB41300E9852C /* Info.plist */,
				188255371CBBB41300E9852C /* Supporting Files */,
			);
			path = "demo03-UIButton";
			sourceTree = "<group>";
		};
		188255371CBBB41300E9852C /* Supporting Files */ = {
			isa = PBXGroup;
			children = (
				188255381CBBB41300E9852C /* main.m */,
			);
			name = "Supporting Files";
			sourceTree = "<group>";
		};
/* End PBXGroup section */

/* Begin PBXNativeTarget section */
		188255331CBBB41300E9852C /* demo03-UIButton */ = {
			isa = PBXNativeTarget;
			buildConfigurationList = 1882554B1CBBB41300E9852C /* Build configuration list for PBXNativeTarget "demo03-UIButton" */;
			buildPhases = (
				188255301CBBB41300E9852C /* Sources */,
				188255311CBBB41300E9852C /* Frameworks */,
				188255321CBBB41300E9852C /* Resources */,
			);
			buildRules = (
			);
			dependencies = (
			);
			name = "demo03-UIButton";
			productName = "demo03-UIButton";
			productReference = 188255341CBBB41300E9852C /* demo03-UIButton.app */;
			productType = "com.apple.product-type.application";
		};
/* End PBXNativeTarget section */

/* Begin PBXProject section */
		1882552C1CBBB41300E9852C /* Project object */ = {
			isa = PBXProject;
			attributes = {
				LastUpgradeCheck = 0730;
				ORGANIZATIONNAME = Tarena;
				TargetAttributes = {
					188255331CBBB41300E9852C = {
						CreatedOnToolsVersion = 7.3;
					};
				};
			};
			buildConfigurationList = 1882552F1CBBB41300E9852C /* Build configuration list for PBXProject "demo03-UIButton" */;
			compatibilityVersion = "Xcode 3.2";
			developmentRegion = English;
			hasScannedForEncodings = 0;
			knownRegions = (
				en,
				Base,
			);
			mainGroup = 1882552B1CBBB41300E9852C;
			productRefGroup = 188255351CBBB41300E9852C /* Products */;
			projectDirPath = "";
			projectRoot = "";
			targets = (
				188255331CBBB41300E9852C /* demo03-UIButton */,
			);
		};
/* End PBXProject section */

/* Begin PBXResourcesBuildPhase section */
		188255321CBBB41300E9852C /* Resources */ = {
			isa = PBXResourcesBuildPhase;
			buildActionMask = 2147483647;
			files = (
				188255471CBBB41300E9852C /* LaunchScreen.storyboard in Resources */,
				188255441CBBB41300E9852C /* Assets.xcassets in Resources */,
			);
			runOnlyForDeploymentPostprocessing = 0;
		};
/* End PBXResourcesBuildPhase section */

/* Begin PBXSourcesBuildPhase section */
		188255301CBBB41300E9852C /* Sources */ = {
			isa = PBXSourcesBuildPhase;
			buildActionMask = 2147483647;
			files = (
				188255501CBBC58800E9852C /* myViewController.m in Sources */,
				1882553C1CBBB41300E9852C /* AppDelegate.m in Sources */,
				188255391CBBB41300E9852C /* main.m in Sources */,
			);
			runOnlyForDeploymentPostprocessing = 0;
		};
/* End PBXSourcesBuildPhase section */

/* Begin PBXVariantGroup section */
		188255451CBBB41300E9852C /* LaunchScreen.storyboard */ = {
			isa = PBXVariantGroup;
			children = (
				188255461CBBB41300E9852C /* Base */,
			);
			name = LaunchScreen.storyboard;
			sourceTree = "<group>";
		};
/* End PBXVariantGroup section */

/* Begin XCBuildConfiguration section */
		188255491CBBB41300E9852C /* Debug */ = {
			isa = XCBuildConfiguration;
			buildSettings = {
				ALWAYS_SEARCH_USER_PATHS = NO;
				CLANG_ANALYZER_NONNULL = YES;
				CLANG_CXX_LANGUAGE_STANDARD = "gnu++0x";
				CLANG_CXX_LIBRARY = "libc++";
				CLANG_ENABLE_MODULES = YES;
				CLANG_ENABLE_OBJC_ARC = YES;
				CLANG_WARN_BOOL_CONVERSION = YES;
				CLANG_WARN_CONSTANT_CONVERSION = YES;
				CLANG_WARN_DIRECT_OBJC_ISA_USAGE = YES_ERROR;
				CLANG_WARN_EMPTY_BODY = YES;
				CLANG_WARN_ENUM_CONVERSION = YES;
				CLANG_WARN_INT_CONVERSION = YES;
				CLANG_WARN_OBJC_ROOT_CLASS = YES_ERROR;
				CLANG_WARN_UNREACHABLE_CODE = YES;
				CLANG_WARN__DUPLICATE_METHOD_MATCH = YES;
				"CODE_SIGN_IDENTITY[sdk=iphoneos*]" = "iPhone Developer";
				COPY_PHASE_STRIP = NO;
				DEBUG_INFORMATION_FORMAT = dwarf;
				ENABLE_STRICT_OBJC_MSGSEND = YES;
				ENABLE_TESTABILITY = YES;
				GCC_C_LANGUAGE_STANDARD = gnu99;
				GCC_DYNAMIC_NO_PIC = NO;
				GCC_NO_COMMON_BLOCKS = YES;
				GCC_OPTIMIZATION_LEVEL = 0;
				GCC_PREPROCESSOR_DEFINITIONS = (
					"DEBUG=1",
					"$(inherited)",
				);
				GCC_WARN_64_TO_32_BIT_CONVERSION = YES;
				GCC_WARN_ABOUT_RETURN_TYPE = YES_ERROR;
				GCC_WARN_UNDECLARED_SELECTOR = YES;
				GCC_WARN_UNINITIALIZED_AUTOS = YES_AGGRESSIVE;
				GCC_WARN_UNUSED_FUNCTION = YES;
				GCC_WARN_UNUSED_VARIABLE = YES;
				IPHONEOS_DEPLOYMENT_TARGET = 9.3;
				MTL_ENABLE_DEBUG_INFO = YES;
				ONLY_ACTIVE_ARCH = YES;
				SDKROOT = iphoneos;
			};
			name = Debug;
		};
		1882554A1CBBB41300E9852C /* Release */ = {
			isa = XCBuildConfiguration;
			buildSettings = {
				ALWAYS_SEARCH_USER_PATHS = NO;
				CLANG_ANALYZER_NONNULL = YES;
				CLANG_CXX_LANGUAGE_STANDARD = "gnu++0x";
				CLANG_CXX_LIBRARY = "libc++";
				CLANG_ENABLE_MODULES = YES;
				CLANG_ENABLE_OBJC_ARC = YES;
				CLANG_WARN_BOOL_CONVERSION = YES;
				CLANG_WARN_CONSTANT_CONVERSION = YES;
				CLANG_WARN_DIRECT_OBJC_ISA_USAGE = YES_ERROR;
				CLANG_WARN_EMPTY_BODY = YES;
				CLANG_WARN_ENUM_CONVERSION = YES;
				CLANG_WARN_INT_CONVERSION = YES;
				CLANG_WARN_OBJC_ROOT_CLASS = YES_ERROR;
				CLANG_WARN_UNREACHABLE_CODE = YES;
				CLANG_WARN__DUPLICATE_METHOD_MATCH = YES;
				"CODE_SIGN_IDENTITY[sdk=iphoneos*]" = "iPhone Developer";
				COPY_PHASE_STRIP = NO;
				DEBUG_INFORMATION_FORMAT = "dwarf-with-dsym";
				ENABLE_NS_ASSERTIONS = NO;
				ENABLE_STRICT_OBJC_MSGSEND = YES;
				GCC_C_LANGUAGE_STANDARD = gnu99;
				GCC_NO_COMMON_BLOCKS = YES;
				GCC_WARN_64_TO_32_BIT_CONVERSION = YES;
				GCC_WARN_ABOUT_RETURN_TYPE = YES_ERROR;
				GCC_WARN_UNDECLARED_SELECTOR = YES;
				GCC_WARN_UNINITIALIZED_AUTOS = YES_AGGRESSIVE;
				GCC_WARN_UNUSED_FUNCTION = YES;
				GCC_WARN_UNUSED_VARIABLE = YES;
				IPHONEOS_DEPLOYMENT_TARGET = 9.3;
				MTL_ENABLE_DEBUG_INFO = NO;
				SDKROOT = iphoneos;
				VALIDATE_PRODUCT = YES;
			};
			name = Release;
		};
		1882554C1CBBB41300E9852C /* Debug */ = {
			isa = XCBuildConfiguration;
			buildSettings = {
				ASSETCATALOG_COMPILER_APPICON_NAME = AppIcon;
				INFOPLIST_FILE = "demo03-UIButton/Info.plist";
				LD_RUNPATH_SEARCH_PATHS = "$(inherited) @executable_path/Frameworks";
				PRODUCT_BUNDLE_IDENTIFIER = "cn.com.tarena.demo03-UIButton";
				PRODUCT_NAME = "$(TARGET_NAME)";
			};
			name = Debug;
		};
		1882554D1CBBB41300E9852C /* Release */ = {
			isa = XCBuildConfiguration;
			buildSettings = {
				ASSETCATALOG_COMPILER_APPICON_NAME = AppIcon;
				INFOPLIST_FILE = "demo03-UIButton/Info.plist";
				LD_RUNPATH_SEARCH_PATHS = "$(inherited) @executable_path/Frameworks";
				PRODUCT_BUNDLE_IDENTIFIER = "cn.com.tarena.demo03-UIButton";
				PRODUCT_NAME = "$(TARGET_NAME)";
			};
			name = Release;
		};
/* End XCBuildConfiguration section */

/* Begin XCConfigurationList section */
		1882552F1CBBB41300E9852C /* Build configuration list for PBXProject "demo03-UIButton" */ = {
			isa = XCConfigurationList;
			buildConfigurations = (
				188255491CBBB41300E9852C /* Debug */,
				1882554A1CBBB41300E9852C /* Release */,
			);
			defaultConfigurationIsVisible = 0;
			defaultConfigurationName = Release;
		};
		1882554B1CBBB41300E9852C /* Build configuration list for PBXNativeTarget "demo03-UIButton" */ = {
			isa = XCConfigurationList;
			buildConfigurations = (
				1882554C1CBBB41300E9852C /* Debug */,
				1882554D1CBBB41300E9852C /* Release */,
			);
			defaultConfigurationIsVisible = 0;
			defaultConfigurationName = Release;
		};
/* End XCConfigurationList section */
	};
	rootObject = 1882552C1CBBB41300E9852C /* Project object */;
}
