// !$*UTF8*$!
{
	archiveVersion = 1;
	classes = {
	};
	objectVersion = 46;
	objects = {

/* Begin PBXBuildFile section */
		18FAE9471D0673FA00639324 /* main.m in Sources */ = {isa = PBXBuildFile; fileRef = 18FAE9461D0673FA00639324 /* main.m */; };
		18FAE94A1D0673FA00639324 /* AppDelegate.m in Sources */ = {isa = PBXBuildFile; fileRef = 18FAE9491D0673FA00639324 /* AppDelegate.m */; };
		18FAE94D1D0673FA00639324 /* ViewController.m in Sources */ = {isa = PBXBuildFile; fileRef = 18FAE94C1D0673FA00639324 /* ViewController.m */; };
		18FAE9501D0673FA00639324 /* Main.storyboard in Resources */ = {isa = PBXBuildFile; fileRef = 18FAE94E1D0673FA00639324 /* Main.storyboard */; };
		18FAE9521D0673FA00639324 /* Assets.xcassets in Resources */ = {isa = PBXBuildFile; fileRef = 18FAE9511D0673FA00639324 /* Assets.xcassets */; };
		18FAE9551D0673FA00639324 /* LaunchScreen.storyboard in Resources */ = {isa = PBXBuildFile; fileRef = 18FAE9531D0673FA00639324 /* LaunchScreen.storyboard */; };
		18FAE95E1D06764E00639324 /* Person.m in Sources */ = {isa = PBXBuildFile; fileRef = 18FAE95D1D06764E00639324 /* Person.m */; };
/* End PBXBuildFile section */

/* Begin PBXFileReference section */
		18FAE9421D0673FA00639324 /* 自定义归档对象.app */ = {isa = PBXFileReference; explicitFileType = wrapper.application; includeInIndex = 0; path = "自定义归档对象.app"; sourceTree = BUILT_PRODUCTS_DIR; };
		18FAE9461D0673FA00639324 /* main.m */ = {isa = PBXFileReference; lastKnownFileType = sourcecode.c.objc; path = main.m; sourceTree = "<group>"; };
		18FAE9481D0673FA00639324 /* AppDelegate.h */ = {isa = PBXFileReference; lastKnownFileType = sourcecode.c.h; path = AppDelegate.h; sourceTree = "<group>"; };
		18FAE9491D0673FA00639324 /* AppDelegate.m */ = {isa = PBXFileReference; lastKnownFileType = sourcecode.c.objc; path = AppDelegate.m; sourceTree = "<group>"; };
		18FAE94B1D0673FA00639324 /* ViewController.h */ = {isa = PBXFileReference; lastKnownFileType = sourcecode.c.h; path = ViewController.h; sourceTree = "<group>"; };
		18FAE94C1D0673FA00639324 /* ViewController.m */ = {isa = PBXFileReference; lastKnownFileType = sourcecode.c.objc; path = ViewController.m; sourceTree = "<group>"; };
		18FAE94F1D0673FA00639324 /* Base */ = {isa = PBXFileReference; lastKnownFileType = file.storyboard; name = Base; path = Base.lproj/Main.storyboard; sourceTree = "<group>"; };
		18FAE9511D0673FA00639324 /* Assets.xcassets */ = {isa = PBXFileReference; lastKnownFileType = folder.assetcatalog; path = Assets.xcassets; sourceTree = "<group>"; };
		18FAE9541D0673FA00639324 /* Base */ = {isa = PBXFileReference; lastKnownFileType = file.storyboard; name = Base; path = Base.lproj/LaunchScreen.storyboard; sourceTree = "<group>"; };
		18FAE9561D0673FA00639324 /* Info.plist */ = {isa = PBXFileReference; lastKnownFileType = text.plist.xml; path = Info.plist; sourceTree = "<group>"; };
		18FAE95C1D06764E00639324 /* Person.h */ = {isa = PBXFileReference; fileEncoding = 4; lastKnownFileType = sourcecode.c.h; path = Person.h; sourceTree = "<group>"; };
		18FAE95D1D06764E00639324 /* Person.m */ = {isa = PBXFileReference; fileEncoding = 4; lastKnownFileType = sourcecode.c.objc; path = Person.m; sourceTree = "<group>"; };
/* End PBXFileReference section */

/* Begin PBXFrameworksBuildPhase section */
		18FAE93F1D0673FA00639324 /* Frameworks */ = {
			isa = PBXFrameworksBuildPhase;
			buildActionMask = 2147483647;
			files = (
			);
			runOnlyForDeploymentPostprocessing = 0;
		};
/* End PBXFrameworksBuildPhase section */

/* Begin PBXGroup section */
		18FAE9391D0673F900639324 = {
			isa = PBXGroup;
			children = (
				18FAE9441D0673FA00639324 /* 自定义归档对象 */,
				18FAE9431D0673FA00639324 /* Products */,
			);
			sourceTree = "<group>";
		};
		18FAE9431D0673FA00639324 /* Products */ = {
			isa = PBXGroup;
			children = (
				18FAE9421D0673FA00639324 /* 自定义归档对象.app */,
			);
			name = Products;
			sourceTree = "<group>";
		};
		18FAE9441D0673FA00639324 /* 自定义归档对象 */ = {
			isa = PBXGroup;
			children = (
				18FAE9481D0673FA00639324 /* AppDelegate.h */,
				18FAE9491D0673FA00639324 /* AppDelegate.m */,
				18FAE94B1D0673FA00639324 /* ViewController.h */,
				18FAE94C1D0673FA00639324 /* ViewController.m */,
				18FAE95C1D06764E00639324 /* Person.h */,
				18FAE95D1D06764E00639324 /* Person.m */,
				18FAE94E1D0673FA00639324 /* Main.storyboard */,
				18FAE9511D0673FA00639324 /* Assets.xcassets */,
				18FAE9531D0673FA00639324 /* LaunchScreen.storyboard */,
				18FAE9561D0673FA00639324 /* Info.plist */,
				18FAE9451D0673FA00639324 /* Supporting Files */,
			);
			path = "自定义归档对象";
			sourceTree = "<group>";
		};
		18FAE9451D0673FA00639324 /* Supporting Files */ = {
			isa = PBXGroup;
			children = (
				18FAE9461D0673FA00639324 /* main.m */,
			);
			name = "Supporting Files";
			sourceTree = "<group>";
		};
/* End PBXGroup section */

/* Begin PBXNativeTarget section */
		18FAE9411D0673FA00639324 /* 自定义归档对象 */ = {
			isa = PBXNativeTarget;
			buildConfigurationList = 18FAE9591D0673FA00639324 /* Build configuration list for PBXNativeTarget "自定义归档对象" */;
			buildPhases = (
				18FAE93E1D0673FA00639324 /* Sources */,
				18FAE93F1D0673FA00639324 /* Frameworks */,
				18FAE9401D0673FA00639324 /* Resources */,
			);
			buildRules = (
			);
			dependencies = (
			);
			name = "自定义归档对象";
			productName = "自定义归档对象";
			productReference = 18FAE9421D0673FA00639324 /* 自定义归档对象.app */;
			productType = "com.apple.product-type.application";
		};
/* End PBXNativeTarget section */

/* Begin PBXProject section */
		18FAE93A1D0673F900639324 /* Project object */ = {
			isa = PBXProject;
			attributes = {
				LastUpgradeCheck = 0730;
				ORGANIZATIONNAME = Tarena;
				TargetAttributes = {
					18FAE9411D0673FA00639324 = {
						CreatedOnToolsVersion = 7.3.1;
					};
				};
			};
			buildConfigurationList = 18FAE93D1D0673F900639324 /* Build configuration list for PBXProject "自定义归档对象" */;
			compatibilityVersion = "Xcode 3.2";
			developmentRegion = English;
			hasScannedForEncodings = 0;
			knownRegions = (
				en,
				Base,
			);
			mainGroup = 18FAE9391D0673F900639324;
			productRefGroup = 18FAE9431D0673FA00639324 /* Products */;
			projectDirPath = "";
			projectRoot = "";
			targets = (
				18FAE9411D0673FA00639324 /* 自定义归档对象 */,
			);
		};
/* End PBXProject section */

/* Begin PBXResourcesBuildPhase section */
		18FAE9401D0673FA00639324 /* Resources */ = {
			isa = PBXResourcesBuildPhase;
			buildActionMask = 2147483647;
			files = (
				18FAE9551D0673FA00639324 /* LaunchScreen.storyboard in Resources */,
				18FAE9521D0673FA00639324 /* Assets.xcassets in Resources */,
				18FAE9501D0673FA00639324 /* Main.storyboard in Resources */,
			);
			runOnlyForDeploymentPostprocessing = 0;
		};
/* End PBXResourcesBuildPhase section */

/* Begin PBXSourcesBuildPhase section */
		18FAE93E1D0673FA00639324 /* Sources */ = {
			isa = PBXSourcesBuildPhase;
			buildActionMask = 2147483647;
			files = (
				18FAE94D1D0673FA00639324 /* ViewController.m in Sources */,
				18FAE94A1D0673FA00639324 /* AppDelegate.m in Sources */,
				18FAE95E1D06764E00639324 /* Person.m in Sources */,
				18FAE9471D0673FA00639324 /* main.m in Sources */,
			);
			runOnlyForDeploymentPostprocessing = 0;
		};
/* End PBXSourcesBuildPhase section */

/* Begin PBXVariantGroup section */
		18FAE94E1D0673FA00639324 /* Main.storyboard */ = {
			isa = PBXVariantGroup;
			children = (
				18FAE94F1D0673FA00639324 /* Base */,
			);
			name = Main.storyboard;
			sourceTree = "<group>";
		};
		18FAE9531D0673FA00639324 /* LaunchScreen.storyboard */ = {
			isa = PBXVariantGroup;
			children = (
				18FAE9541D0673FA00639324 /* Base */,
			);
			name = LaunchScreen.storyboard;
			sourceTree = "<group>";
		};
/* End PBXVariantGroup section */

/* Begin XCBuildConfiguration section */
		18FAE9571D0673FA00639324 /* Debug */ = {
			isa = XCBuildConfiguration;
			buildSettings = {
				ALWAYS_SEARCH_USER_PATHS = NO;
				CLANG_ANALYZER_NONNULL = YES;
				CLANG_CXX_LANGUAGE_STANDARD = "gnu++0x";
				CLANG_CXX_LIBRARY = "libc++";
				CLANG_ENABLE_MODULES = YES;
				CLANG_ENABLE_OBJC_ARC = YES;
				CLANG_WARN_BOOL_CONVERSION = YES;
				CLANG_WARN_CONSTANT_CONVERSION = YES;
				CLANG_WARN_DIRECT_OBJC_ISA_USAGE = YES_ERROR;
				CLANG_WARN_EMPTY_BODY = YES;
				CLANG_WARN_ENUM_CONVERSION = YES;
				CLANG_WARN_INT_CONVERSION = YES;
				CLANG_WARN_OBJC_ROOT_CLASS = YES_ERROR;
				CLANG_WARN_UNREACHABLE_CODE = YES;
				CLANG_WARN__DUPLICATE_METHOD_MATCH = YES;
				"CODE_SIGN_IDENTITY[sdk=iphoneos*]" = "iPhone Developer";
				COPY_PHASE_STRIP = NO;
				DEBUG_INFORMATION_FORMAT = dwarf;
				ENABLE_STRICT_OBJC_MSGSEND = YES;
				ENABLE_TESTABILITY = YES;
				GCC_C_LANGUAGE_STANDARD = gnu99;
				GCC_DYNAMIC_NO_PIC = NO;
				GCC_NO_COMMON_BLOCKS = YES;
				GCC_OPTIMIZATION_LEVEL = 0;
				GCC_PREPROCESSOR_DEFINITIONS = (
					"DEBUG=1",
					"$(inherited)",
				);
				GCC_WARN_64_TO_32_BIT_CONVERSION = YES;
				GCC_WARN_ABOUT_RETURN_TYPE = YES_ERROR;
				GCC_WARN_UNDECLARED_SELECTOR = YES;
				GCC_WARN_UNINITIALIZED_AUTOS = YES_AGGRESSIVE;
				GCC_WARN_UNUSED_FUNCTION = YES;
				GCC_WARN_UNUSED_VARIABLE = YES;
				IPHONEOS_DEPLOYMENT_TARGET = 9.3;
				MTL_ENABLE_DEBUG_INFO = YES;
				ONLY_ACTIVE_ARCH = YES;
				SDKROOT = iphoneos;
			};
			name = Debug;
		};
		18FAE9581D0673FA00639324 /* Release */ = {
			isa = XCBuildConfiguration;
			buildSettings = {
				ALWAYS_SEARCH_USER_PATHS = NO;
				CLANG_ANALYZER_NONNULL = YES;
				CLANG_CXX_LANGUAGE_STANDARD = "gnu++0x";
				CLANG_CXX_LIBRARY = "libc++";
				CLANG_ENABLE_MODULES = YES;
				CLANG_ENABLE_OBJC_ARC = YES;
				CLANG_WARN_BOOL_CONVERSION = YES;
				CLANG_WARN_CONSTANT_CONVERSION = YES;
				CLANG_WARN_DIRECT_OBJC_ISA_USAGE = YES_ERROR;
				CLANG_WARN_EMPTY_BODY = YES;
				CLANG_WARN_ENUM_CONVERSION = YES;
				CLANG_WARN_INT_CONVERSION = YES;
				CLANG_WARN_OBJC_ROOT_CLASS = YES_ERROR;
				CLANG_WARN_UNREACHABLE_CODE = YES;
				CLANG_WARN__DUPLICATE_METHOD_MATCH = YES;
				"CODE_SIGN_IDENTITY[sdk=iphoneos*]" = "iPhone Developer";
				COPY_PHASE_STRIP = NO;
				DEBUG_INFORMATION_FORMAT = "dwarf-with-dsym";
				ENABLE_NS_ASSERTIONS = NO;
				ENABLE_STRICT_OBJC_MSGSEND = YES;
				GCC_C_LANGUAGE_STANDARD = gnu99;
				GCC_NO_COMMON_BLOCKS = YES;
				GCC_WARN_64_TO_32_BIT_CONVERSION = YES;
				GCC_WARN_ABOUT_RETURN_TYPE = YES_ERROR;
				GCC_WARN_UNDECLARED_SELECTOR = YES;
				GCC_WARN_UNINITIALIZED_AUTOS = YES_AGGRESSIVE;
				GCC_WARN_UNUSED_FUNCTION = YES;
				GCC_WARN_UNUSED_VARIABLE = YES;
				IPHONEOS_DEPLOYMENT_TARGET = 9.3;
				MTL_ENABLE_DEBUG_INFO = NO;
				SDKROOT = iphoneos;
				VALIDATE_PRODUCT = YES;
			};
			name = Release;
		};
		18FAE95A1D0673FA00639324 /* Debug */ = {
			isa = XCBuildConfiguration;
			buildSettings = {
				ASSETCATALOG_COMPILER_APPICON_NAME = AppIcon;
				INFOPLIST_FILE = "自定义归档对象/Info.plist";
				LD_RUNPATH_SEARCH_PATHS = "$(inherited) @executable_path/Frameworks";
				PRODUCT_BUNDLE_IDENTIFIER = "cn.com.tarena.-------";
				PRODUCT_NAME = "$(TARGET_NAME)";
			};
			name = Debug;
		};
		18FAE95B1D0673FA00639324 /* Release */ = {
			isa = XCBuildConfiguration;
			buildSettings = {
				ASSETCATALOG_COMPILER_APPICON_NAME = AppIcon;
				INFOPLIST_FILE = "自定义归档对象/Info.plist";
				LD_RUNPATH_SEARCH_PATHS = "$(inherited) @executable_path/Frameworks";
				PRODUCT_BUNDLE_IDENTIFIER = "cn.com.tarena.-------";
				PRODUCT_NAME = "$(TARGET_NAME)";
			};
			name = Release;
		};
/* End XCBuildConfiguration section */

/* Begin XCConfigurationList section */
		18FAE93D1D0673F900639324 /* Build configuration list for PBXProject "自定义归档对象" */ = {
			isa = XCConfigurationList;
			buildConfigurations = (
				18FAE9571D0673FA00639324 /* Debug */,
				18FAE9581D0673FA00639324 /* Release */,
			);
			defaultConfigurationIsVisible = 0;
			defaultConfigurationName = Release;
		};
		18FAE9591D0673FA00639324 /* Build configuration list for PBXNativeTarget "自定义归档对象" */ = {
			isa = XCConfigurationList;
			buildConfigurations = (
				18FAE95A1D0673FA00639324 /* Debug */,
				18FAE95B1D0673FA00639324 /* Release */,
			);
			defaultConfigurationIsVisible = 0;
		};
/* End XCConfigurationList section */
	};
	rootObject = 18FAE93A1D0673F900639324 /* Project object */;
}
