// !$*UTF8*$!
{
	archiveVersion = 1;
	classes = {
	};
	objectVersion = 46;
	objects = {

/* Begin PBXBuildFile section */
		186B16831CE2042C008F927D /* Goods.m in Sources */ = {isa = PBXBuildFile; fileRef = 186B16821CE2042C008F927D /* Goods.m */; };
		186B16861CE206C1008F927D /* ShowResultTableViewController.m in Sources */ = {isa = PBXBuildFile; fileRef = 186B16851CE206C1008F927D /* ShowResultTableViewController.m */; };
		186B16891CE2089B008F927D /* MainTableViewController.m in Sources */ = {isa = PBXBuildFile; fileRef = 186B16881CE2089B008F927D /* MainTableViewController.m */; };
		18EF20731CE1FED900E32989 /* main.m in Sources */ = {isa = PBXBuildFile; fileRef = 18EF20721CE1FED900E32989 /* main.m */; };
		18EF20761CE1FED900E32989 /* AppDelegate.m in Sources */ = {isa = PBXBuildFile; fileRef = 18EF20751CE1FED900E32989 /* AppDelegate.m */; };
		18EF207E1CE1FED900E32989 /* Assets.xcassets in Resources */ = {isa = PBXBuildFile; fileRef = 18EF207D1CE1FED900E32989 /* Assets.xcassets */; };
		18EF20811CE1FED900E32989 /* LaunchScreen.storyboard in Resources */ = {isa = PBXBuildFile; fileRef = 18EF207F1CE1FED900E32989 /* LaunchScreen.storyboard */; };
/* End PBXBuildFile section */

/* Begin PBXFileReference section */
		186B16811CE2042C008F927D /* Goods.h */ = {isa = PBXFileReference; fileEncoding = 4; lastKnownFileType = sourcecode.c.h; path = Goods.h; sourceTree = "<group>"; };
		186B16821CE2042C008F927D /* Goods.m */ = {isa = PBXFileReference; fileEncoding = 4; lastKnownFileType = sourcecode.c.objc; path = Goods.m; sourceTree = "<group>"; };
		186B16841CE206C1008F927D /* ShowResultTableViewController.h */ = {isa = PBXFileReference; fileEncoding = 4; lastKnownFileType = sourcecode.c.h; path = ShowResultTableViewController.h; sourceTree = "<group>"; };
		186B16851CE206C1008F927D /* ShowResultTableViewController.m */ = {isa = PBXFileReference; fileEncoding = 4; lastKnownFileType = sourcecode.c.objc; path = ShowResultTableViewController.m; sourceTree = "<group>"; };
		186B16871CE2089B008F927D /* MainTableViewController.h */ = {isa = PBXFileReference; fileEncoding = 4; lastKnownFileType = sourcecode.c.h; path = MainTableViewController.h; sourceTree = "<group>"; };
		186B16881CE2089B008F927D /* MainTableViewController.m */ = {isa = PBXFileReference; fileEncoding = 4; lastKnownFileType = sourcecode.c.objc; path = MainTableViewController.m; sourceTree = "<group>"; };
		18EF206E1CE1FED900E32989 /* 48搜索框.app */ = {isa = PBXFileReference; explicitFileType = wrapper.application; includeInIndex = 0; path = "48搜索框.app"; sourceTree = BUILT_PRODUCTS_DIR; };
		18EF20721CE1FED900E32989 /* main.m */ = {isa = PBXFileReference; lastKnownFileType = sourcecode.c.objc; path = main.m; sourceTree = "<group>"; };
		18EF20741CE1FED900E32989 /* AppDelegate.h */ = {isa = PBXFileReference; lastKnownFileType = sourcecode.c.h; path = AppDelegate.h; sourceTree = "<group>"; };
		18EF20751CE1FED900E32989 /* AppDelegate.m */ = {isa = PBXFileReference; lastKnownFileType = sourcecode.c.objc; path = AppDelegate.m; sourceTree = "<group>"; };
		18EF207D1CE1FED900E32989 /* Assets.xcassets */ = {isa = PBXFileReference; lastKnownFileType = folder.assetcatalog; path = Assets.xcassets; sourceTree = "<group>"; };
		18EF20801CE1FED900E32989 /* Base */ = {isa = PBXFileReference; lastKnownFileType = file.storyboard; name = Base; path = Base.lproj/LaunchScreen.storyboard; sourceTree = "<group>"; };
		18EF20821CE1FED900E32989 /* Info.plist */ = {isa = PBXFileReference; lastKnownFileType = text.plist.xml; path = Info.plist; sourceTree = "<group>"; };
/* End PBXFileReference section */

/* Begin PBXFrameworksBuildPhase section */
		18EF206B1CE1FED900E32989 /* Frameworks */ = {
			isa = PBXFrameworksBuildPhase;
			buildActionMask = 2147483647;
			files = (
			);
			runOnlyForDeploymentPostprocessing = 0;
		};
/* End PBXFrameworksBuildPhase section */

/* Begin PBXGroup section */
		18EF20651CE1FED900E32989 = {
			isa = PBXGroup;
			children = (
				18EF20701CE1FED900E32989 /* 48搜索框 */,
				18EF206F1CE1FED900E32989 /* Products */,
			);
			sourceTree = "<group>";
		};
		18EF206F1CE1FED900E32989 /* Products */ = {
			isa = PBXGroup;
			children = (
				18EF206E1CE1FED900E32989 /* 48搜索框.app */,
			);
			name = Products;
			sourceTree = "<group>";
		};
		18EF20701CE1FED900E32989 /* 48搜索框 */ = {
			isa = PBXGroup;
			children = (
				18EF20741CE1FED900E32989 /* AppDelegate.h */,
				18EF20751CE1FED900E32989 /* AppDelegate.m */,
				186B16811CE2042C008F927D /* Goods.h */,
				186B16821CE2042C008F927D /* Goods.m */,
				186B16841CE206C1008F927D /* ShowResultTableViewController.h */,
				186B16851CE206C1008F927D /* ShowResultTableViewController.m */,
				186B16871CE2089B008F927D /* MainTableViewController.h */,
				186B16881CE2089B008F927D /* MainTableViewController.m */,
				18EF207D1CE1FED900E32989 /* Assets.xcassets */,
				18EF207F1CE1FED900E32989 /* LaunchScreen.storyboard */,
				18EF20821CE1FED900E32989 /* Info.plist */,
				18EF20711CE1FED900E32989 /* Supporting Files */,
			);
			path = "48搜索框";
			sourceTree = "<group>";
		};
		18EF20711CE1FED900E32989 /* Supporting Files */ = {
			isa = PBXGroup;
			children = (
				18EF20721CE1FED900E32989 /* main.m */,
			);
			name = "Supporting Files";
			sourceTree = "<group>";
		};
/* End PBXGroup section */

/* Begin PBXNativeTarget section */
		18EF206D1CE1FED900E32989 /* 48搜索框 */ = {
			isa = PBXNativeTarget;
			buildConfigurationList = 18EF20851CE1FED900E32989 /* Build configuration list for PBXNativeTarget "48搜索框" */;
			buildPhases = (
				18EF206A1CE1FED900E32989 /* Sources */,
				18EF206B1CE1FED900E32989 /* Frameworks */,
				18EF206C1CE1FED900E32989 /* Resources */,
			);
			buildRules = (
			);
			dependencies = (
			);
			name = "48搜索框";
			productName = "48搜索框";
			productReference = 18EF206E1CE1FED900E32989 /* 48搜索框.app */;
			productType = "com.apple.product-type.application";
		};
/* End PBXNativeTarget section */

/* Begin PBXProject section */
		18EF20661CE1FED900E32989 /* Project object */ = {
			isa = PBXProject;
			attributes = {
				LastUpgradeCheck = 0730;
				ORGANIZATIONNAME = Tarena;
				TargetAttributes = {
					18EF206D1CE1FED900E32989 = {
						CreatedOnToolsVersion = 7.3;
					};
				};
			};
			buildConfigurationList = 18EF20691CE1FED900E32989 /* Build configuration list for PBXProject "48搜索框" */;
			compatibilityVersion = "Xcode 3.2";
			developmentRegion = English;
			hasScannedForEncodings = 0;
			knownRegions = (
				en,
				Base,
			);
			mainGroup = 18EF20651CE1FED900E32989;
			productRefGroup = 18EF206F1CE1FED900E32989 /* Products */;
			projectDirPath = "";
			projectRoot = "";
			targets = (
				18EF206D1CE1FED900E32989 /* 48搜索框 */,
			);
		};
/* End PBXProject section */

/* Begin PBXResourcesBuildPhase section */
		18EF206C1CE1FED900E32989 /* Resources */ = {
			isa = PBXResourcesBuildPhase;
			buildActionMask = 2147483647;
			files = (
				18EF20811CE1FED900E32989 /* LaunchScreen.storyboard in Resources */,
				18EF207E1CE1FED900E32989 /* Assets.xcassets in Resources */,
			);
			runOnlyForDeploymentPostprocessing = 0;
		};
/* End PBXResourcesBuildPhase section */

/* Begin PBXSourcesBuildPhase section */
		18EF206A1CE1FED900E32989 /* Sources */ = {
			isa = PBXSourcesBuildPhase;
			buildActionMask = 2147483647;
			files = (
				18EF20761CE1FED900E32989 /* AppDelegate.m in Sources */,
				186B16861CE206C1008F927D /* ShowResultTableViewController.m in Sources */,
				186B16831CE2042C008F927D /* Goods.m in Sources */,
				186B16891CE2089B008F927D /* MainTableViewController.m in Sources */,
				18EF20731CE1FED900E32989 /* main.m in Sources */,
			);
			runOnlyForDeploymentPostprocessing = 0;
		};
/* End PBXSourcesBuildPhase section */

/* Begin PBXVariantGroup section */
		18EF207F1CE1FED900E32989 /* LaunchScreen.storyboard */ = {
			isa = PBXVariantGroup;
			children = (
				18EF20801CE1FED900E32989 /* Base */,
			);
			name = LaunchScreen.storyboard;
			sourceTree = "<group>";
		};
/* End PBXVariantGroup section */

/* Begin XCBuildConfiguration section */
		18EF20831CE1FED900E32989 /* Debug */ = {
			isa = XCBuildConfiguration;
			buildSettings = {
				ALWAYS_SEARCH_USER_PATHS = NO;
				CLANG_ANALYZER_NONNULL = YES;
				CLANG_CXX_LANGUAGE_STANDARD = "gnu++0x";
				CLANG_CXX_LIBRARY = "libc++";
				CLANG_ENABLE_MODULES = YES;
				CLANG_ENABLE_OBJC_ARC = YES;
				CLANG_WARN_BOOL_CONVERSION = YES;
				CLANG_WARN_CONSTANT_CONVERSION = YES;
				CLANG_WARN_DIRECT_OBJC_ISA_USAGE = YES_ERROR;
				CLANG_WARN_EMPTY_BODY = YES;
				CLANG_WARN_ENUM_CONVERSION = YES;
				CLANG_WARN_INT_CONVERSION = YES;
				CLANG_WARN_OBJC_ROOT_CLASS = YES_ERROR;
				CLANG_WARN_UNREACHABLE_CODE = YES;
				CLANG_WARN__DUPLICATE_METHOD_MATCH = YES;
				"CODE_SIGN_IDENTITY[sdk=iphoneos*]" = "iPhone Developer";
				COPY_PHASE_STRIP = NO;
				DEBUG_INFORMATION_FORMAT = dwarf;
				ENABLE_STRICT_OBJC_MSGSEND = YES;
				ENABLE_TESTABILITY = YES;
				GCC_C_LANGUAGE_STANDARD = gnu99;
				GCC_DYNAMIC_NO_PIC = NO;
				GCC_NO_COMMON_BLOCKS = YES;
				GCC_OPTIMIZATION_LEVEL = 0;
				GCC_PREPROCESSOR_DEFINITIONS = (
					"DEBUG=1",
					"$(inherited)",
				);
				GCC_WARN_64_TO_32_BIT_CONVERSION = YES;
				GCC_WARN_ABOUT_RETURN_TYPE = YES_ERROR;
				GCC_WARN_UNDECLARED_SELECTOR = YES;
				GCC_WARN_UNINITIALIZED_AUTOS = YES_AGGRESSIVE;
				GCC_WARN_UNUSED_FUNCTION = YES;
				GCC_WARN_UNUSED_VARIABLE = YES;
				IPHONEOS_DEPLOYMENT_TARGET = 9.3;
				MTL_ENABLE_DEBUG_INFO = YES;
				ONLY_ACTIVE_ARCH = YES;
				SDKROOT = iphoneos;
			};
			name = Debug;
		};
		18EF20841CE1FED900E32989 /* Release */ = {
			isa = XCBuildConfiguration;
			buildSettings = {
				ALWAYS_SEARCH_USER_PATHS = NO;
				CLANG_ANALYZER_NONNULL = YES;
				CLANG_CXX_LANGUAGE_STANDARD = "gnu++0x";
				CLANG_CXX_LIBRARY = "libc++";
				CLANG_ENABLE_MODULES = YES;
				CLANG_ENABLE_OBJC_ARC = YES;
				CLANG_WARN_BOOL_CONVERSION = YES;
				CLANG_WARN_CONSTANT_CONVERSION = YES;
				CLANG_WARN_DIRECT_OBJC_ISA_USAGE = YES_ERROR;
				CLANG_WARN_EMPTY_BODY = YES;
				CLANG_WARN_ENUM_CONVERSION = YES;
				CLANG_WARN_INT_CONVERSION = YES;
				CLANG_WARN_OBJC_ROOT_CLASS = YES_ERROR;
				CLANG_WARN_UNREACHABLE_CODE = YES;
				CLANG_WARN__DUPLICATE_METHOD_MATCH = YES;
				"CODE_SIGN_IDENTITY[sdk=iphoneos*]" = "iPhone Developer";
				COPY_PHASE_STRIP = NO;
				DEBUG_INFORMATION_FORMAT = "dwarf-with-dsym";
				ENABLE_NS_ASSERTIONS = NO;
				ENABLE_STRICT_OBJC_MSGSEND = YES;
				GCC_C_LANGUAGE_STANDARD = gnu99;
				GCC_NO_COMMON_BLOCKS = YES;
				GCC_WARN_64_TO_32_BIT_CONVERSION = YES;
				GCC_WARN_ABOUT_RETURN_TYPE = YES_ERROR;
				GCC_WARN_UNDECLARED_SELECTOR = YES;
				GCC_WARN_UNINITIALIZED_AUTOS = YES_AGGRESSIVE;
				GCC_WARN_UNUSED_FUNCTION = YES;
				GCC_WARN_UNUSED_VARIABLE = YES;
				IPHONEOS_DEPLOYMENT_TARGET = 9.3;
				MTL_ENABLE_DEBUG_INFO = NO;
				SDKROOT = iphoneos;
				VALIDATE_PRODUCT = YES;
			};
			name = Release;
		};
		18EF20861CE1FED900E32989 /* Debug */ = {
			isa = XCBuildConfiguration;
			buildSettings = {
				ASSETCATALOG_COMPILER_APPICON_NAME = AppIcon;
				INFOPLIST_FILE = "48搜索框/Info.plist";
				LD_RUNPATH_SEARCH_PATHS = "$(inherited) @executable_path/Frameworks";
				PRODUCT_BUNDLE_IDENTIFIER = "cn.com.tarena.-8---";
				PRODUCT_NAME = "$(TARGET_NAME)";
			};
			name = Debug;
		};
		18EF20871CE1FED900E32989 /* Release */ = {
			isa = XCBuildConfiguration;
			buildSettings = {
				ASSETCATALOG_COMPILER_APPICON_NAME = AppIcon;
				INFOPLIST_FILE = "48搜索框/Info.plist";
				LD_RUNPATH_SEARCH_PATHS = "$(inherited) @executable_path/Frameworks";
				PRODUCT_BUNDLE_IDENTIFIER = "cn.com.tarena.-8---";
				PRODUCT_NAME = "$(TARGET_NAME)";
			};
			name = Release;
		};
/* End XCBuildConfiguration section */

/* Begin XCConfigurationList section */
		18EF20691CE1FED900E32989 /* Build configuration list for PBXProject "48搜索框" */ = {
			isa = XCConfigurationList;
			buildConfigurations = (
				18EF20831CE1FED900E32989 /* Debug */,
				18EF20841CE1FED900E32989 /* Release */,
			);
			defaultConfigurationIsVisible = 0;
			defaultConfigurationName = Release;
		};
		18EF20851CE1FED900E32989 /* Build configuration list for PBXNativeTarget "48搜索框" */ = {
			isa = XCConfigurationList;
			buildConfigurations = (
				18EF20861CE1FED900E32989 /* Debug */,
				18EF20871CE1FED900E32989 /* Release */,
			);
			defaultConfigurationIsVisible = 0;
			defaultConfigurationName = Release;
		};
/* End XCConfigurationList section */
	};
	rootObject = 18EF20661CE1FED900E32989 /* Project object */;
}
